// !$*UTF8*$!
{
	archiveVersion = 1;
	classes = {
	};
	objectVersion = 46;
	objects = {

/* Begin PBXBuildFile section */
		020C510518131D20005CA791 /* Foundation.framework in Frameworks */ = {isa = PBXBuildFile; fileRef = 020C510418131D20005CA791 /* Foundation.framework */; };
		020C510718131D20005CA791 /* CoreGraphics.framework in Frameworks */ = {isa = PBXBuildFile; fileRef = 020C510618131D20005CA791 /* CoreGraphics.framework */; };
		020C510918131D20005CA791 /* UIKit.framework in Frameworks */ = {isa = PBXBuildFile; fileRef = 020C510818131D20005CA791 /* UIKit.framework */; };
		020C510F18131D20005CA791 /* InfoPlist.strings in Resources */ = {isa = PBXBuildFile; fileRef = 020C510D18131D20005CA791 /* InfoPlist.strings */; };
		020C511118131D20005CA791 /* main.m in Sources */ = {isa = PBXBuildFile; fileRef = 020C511018131D20005CA791 /* main.m */; };
		020C511518131D20005CA791 /* AppDelegate.m in Sources */ = {isa = PBXBuildFile; fileRef = 020C511418131D20005CA791 /* AppDelegate.m */; };
		020C511718131D20005CA791 /* Images.xcassets in Resources */ = {isa = PBXBuildFile; fileRef = 020C511618131D20005CA791 /* Images.xcassets */; };
		020C511E18131D20005CA791 /* XCTest.framework in Frameworks */ = {isa = PBXBuildFile; fileRef = 020C511D18131D20005CA791 /* XCTest.framework */; };
		020C511F18131D20005CA791 /* Foundation.framework in Frameworks */ = {isa = PBXBuildFile; fileRef = 020C510418131D20005CA791 /* Foundation.framework */; };
		020C512018131D20005CA791 /* UIKit.framework in Frameworks */ = {isa = PBXBuildFile; fileRef = 020C510818131D20005CA791 /* UIKit.framework */; };
		020C512818131D20005CA791 /* InfoPlist.strings in Resources */ = {isa = PBXBuildFile; fileRef = 020C512618131D20005CA791 /* InfoPlist.strings */; };
		020C513418131E05005CA791 /* Storyboard.storyboard in Resources */ = {isa = PBXBuildFile; fileRef = 020C513318131E05005CA791 /* Storyboard.storyboard */; };
		0255078B18140D41003B4CD6 /* StoreKit.framework in Frameworks */ = {isa = PBXBuildFile; fileRef = 0255078A18140D41003B4CD6 /* StoreKit.framework */; };
		0275E4561814BF5300D8F421 /* pokemon.json in Resources */ = {isa = PBXBuildFile; fileRef = 0275E4551814BF5300D8F421 /* pokemon.json */; };
		54590013F6879F4F3225CEED /* ComparePokemonHeader.xib in Resources */ = {isa = PBXBuildFile; fileRef = 54590787E12C8625BB2CEEFA /* ComparePokemonHeader.xib */; };
		545900264B79DF065C45BB72 /* PokemonListViewController.m in Sources */ = {isa = PBXBuildFile; fileRef = 545902F2BF61369A2D8C2AA5 /* PokemonListViewController.m */; };
		5459002BD5B556C7F8261A37 /* AdStore.m in Sources */ = {isa = PBXBuildFile; fileRef = 5459025D255286CE1EBABF44 /* AdStore.m */; };
		545900A08D0B122D15DFEF51 /* PokemonTypeViewControllerTests.m in Sources */ = {isa = PBXBuildFile; fileRef = 5459044846D48B1A9B336B1A /* PokemonTypeViewControllerTests.m */; };
		545901511E0E6BD35C828D97 /* TipViewController.m in Sources */ = {isa = PBXBuildFile; fileRef = 54590F964A9E1C7FE5FA5EAA /* TipViewController.m */; };
		545901740158B49EBB2BB8AF /* PokemonNavViewController.m in Sources */ = {isa = PBXBuildFile; fileRef = 54590CB37EC96B400CB92CF2 /* PokemonNavViewController.m */; };
		545901C0DCCB443DE22A4459 /* 06-magnify@2x.png in Resources */ = {isa = PBXBuildFile; fileRef = 54590F3A14D6FB741C199994 /* 06-magnify@2x.png */; };
		545902F1C5071B429197395F /* MyPokemonListViewController.m in Sources */ = {isa = PBXBuildFile; fileRef = 54590E0C23EB349C81237192 /* MyPokemonListViewController.m */; };
		5459032277C9DAEAA5FC2834 /* SKProductStore.m in Sources */ = {isa = PBXBuildFile; fileRef = 545901EA628FBB831E432178 /* SKProductStore.m */; };
		545903331E8554BC908BEDDA /* CompareViewController.m in Sources */ = {isa = PBXBuildFile; fileRef = 54590EB7D6ECDEF26F133B30 /* CompareViewController.m */; };
		5459035F46B49F0E6AE941DF /* InfoCell.m in Sources */ = {isa = PBXBuildFile; fileRef = 54590309F6E2A4F7535E66AA /* InfoCell.m */; };
		545903B61B737D9C1799DB9B /* TypeEffectivenessCell.m in Sources */ = {isa = PBXBuildFile; fileRef = 5459056198DE1C35C838020F /* TypeEffectivenessCell.m */; };
		545903BAE438CA84A04ED0B8 /* PokemonViewDeckController.m in Sources */ = {isa = PBXBuildFile; fileRef = 5459036A7D4F90CB9A97FE39 /* PokemonViewDeckController.m */; };
		54590489179B838898B9AD6A /* TestHelper.m in Sources */ = {isa = PBXBuildFile; fileRef = 545902788B91AB8B66894EA1 /* TestHelper.m */; };
		545904CA7C91ACA87FF524DB /* StatsCompareCell.xib in Resources */ = {isa = PBXBuildFile; fileRef = 545902E51CADE28BABD5E81F /* StatsCompareCell.xib */; };
		545904DFFD05ED2F3A401142 /* AddCell.xib in Resources */ = {isa = PBXBuildFile; fileRef = 5459041305297148E7210526 /* AddCell.xib */; };
		545905BF47DD76FA1D1B1706 /* AdCell.xib in Resources */ = {isa = PBXBuildFile; fileRef = 545905A43663D966214D0B99 /* AdCell.xib */; };
		545905F84B35A64BA4BE53C2 /* TypeCalculator.m in Sources */ = {isa = PBXBuildFile; fileRef = 54590B9AF4FDC44878BFBD98 /* TypeCalculator.m */; };
		545905F9BBD5C9D01A913F92 /* InfoCellTests.m in Sources */ = {isa = PBXBuildFile; fileRef = 545904A9AC326189E2C3D8A7 /* InfoCellTests.m */; };
		54590796CEA830065BB53123 /* AddCell.m in Sources */ = {isa = PBXBuildFile; fileRef = 54590A057FE8C16E7412F646 /* AddCell.m */; };
		54590866C545FB8EAF165444 /* MyPokemonViewController.m in Sources */ = {isa = PBXBuildFile; fileRef = 545909A9B4FB36E9A29349FC /* MyPokemonViewController.m */; };
		54590916BFC4DCCE059848EC /* MyPokemonStoreTests.m in Sources */ = {isa = PBXBuildFile; fileRef = 54590A0F8EAF239343FF677A /* MyPokemonStoreTests.m */; };
		54590949E95F5601DB5AC460 /* InfoCell.xib in Resources */ = {isa = PBXBuildFile; fileRef = 545903F00B45F546A4EDA019 /* InfoCell.xib */; };
		54590959BAAE8495B14E1232 /* PokemonStore.m in Sources */ = {isa = PBXBuildFile; fileRef = 54590A96C2BBBF828BED72F5 /* PokemonStore.m */; };
		5459098DD9E8FCFCEBA050D0 /* 09-chat-2@2x.png in Resources */ = {isa = PBXBuildFile; fileRef = 545908D0C21C0C3385BE407E /* 09-chat-2@2x.png */; };
		545909E8A028C8D9258ADC30 /* PokemonStoreTests.m in Sources */ = {isa = PBXBuildFile; fileRef = 5459088463E7F731AF419B5D /* PokemonStoreTests.m */; };
		54590A22F785C98B24D5144C /* PokemonTypeViewController.m in Sources */ = {isa = PBXBuildFile; fileRef = 54590A9B04D54EF541D45CF8 /* PokemonTypeViewController.m */; };
		54590A73B21EEE8BEF19F502 /* StatsCompareCell.m in Sources */ = {isa = PBXBuildFile; fileRef = 54590CF21BEB3BFDA582A301 /* StatsCompareCell.m */; };
		54590A9FE94983E50728DA86 /* InfoCellWithMega.xib in Resources */ = {isa = PBXBuildFile; fileRef = 54590679373F4BBF9D7432A1 /* InfoCellWithMega.xib */; };
		54590B1A9A96B3CC054AA3BA /* AdCell.m in Sources */ = {isa = PBXBuildFile; fileRef = 545906801D505AD366B6A6CF /* AdCell.m */; };
		54590B668174E464D9C21339 /* StatsCell.m in Sources */ = {isa = PBXBuildFile; fileRef = 545908E076C3C6BDB28108DE /* StatsCell.m */; };
		54590BA74F43B52291221935 /* QuartzCore.framework in Frameworks */ = {isa = PBXBuildFile; fileRef = 5459031748C1BAA007785097 /* QuartzCore.framework */; };
		54590C58F688860A869BD4B0 /* 15-tags@2x.png in Resources */ = {isa = PBXBuildFile; fileRef = 545901A84F0C7782483FF7EE /* 15-tags@2x.png */; };
		54590C8E7D112339895BE1B3 /* ButtonMenu@2x.png in Resources */ = {isa = PBXBuildFile; fileRef = 545902F3C682DB143687CF2B /* ButtonMenu@2x.png */; };
		54590CCCD0423642D1AAF51E /* ComparePokemonHeader.m in Sources */ = {isa = PBXBuildFile; fileRef = 5459048CF2A27B775B417077 /* ComparePokemonHeader.m */; };
		54590D27A8D3539F45C29766 /* ButtonMenu.png in Resources */ = {isa = PBXBuildFile; fileRef = 54590CA599824E9A2F0A539B /* ButtonMenu.png */; };
		54590D39B53D9B7F88138D11 /* Mailer.m in Sources */ = {isa = PBXBuildFile; fileRef = 54590A90889DEA9611AF6BBD /* Mailer.m */; };
		54590D40E09C7E8B7A46C10B /* MyPokemonStore.m in Sources */ = {isa = PBXBuildFile; fileRef = 5459082DFA0E163A7CE5A7B3 /* MyPokemonStore.m */; };
		54590D71F74A3F2B1F6342CB /* TypeCalculatorTests.m in Sources */ = {isa = PBXBuildFile; fileRef = 54590264EB6F876127D839D6 /* TypeCalculatorTests.m */; };
		54590D7693D546651C0F50E2 /* InfoCellWithMega.m in Sources */ = {isa = PBXBuildFile; fileRef = 54590412E18210E245EE73F8 /* InfoCellWithMega.m */; };
		54590D951EBAB939E6753ECF /* 06-magnify.png in Resources */ = {isa = PBXBuildFile; fileRef = 5459045542C547D7330C5AC6 /* 06-magnify.png */; };
		54590DAA40C9E392F3C6521D /* StatsViewControllerTests.m in Sources */ = {isa = PBXBuildFile; fileRef = 54590EA689B7DC077B563A9C /* StatsViewControllerTests.m */; };
		54590DD8A93FE863958687EA /* StatsCell.xib in Resources */ = {isa = PBXBuildFile; fileRef = 54590D17DDF91959618CAC1E /* StatsCell.xib */; };
		54590E394F837111A0B1E507 /* 09-chat-2.png in Resources */ = {isa = PBXBuildFile; fileRef = 54590FD720673C74A488F6A9 /* 09-chat-2.png */; };
		54590E43B3548E1E550F434D /* AddPokemonViewController.m in Sources */ = {isa = PBXBuildFile; fileRef = 54590AEF26A02E8356914478 /* AddPokemonViewController.m */; };
		54590EA84F85D4CC024B10F6 /* TypeEffectivenessCell.xib in Resources */ = {isa = PBXBuildFile; fileRef = 545908F09046E0E7B3AFCC30 /* TypeEffectivenessCell.xib */; };
		54590EC67F12A8AF84E5B686 /* 15-tags.png in Resources */ = {isa = PBXBuildFile; fileRef = 545903CAE5175FDF7B676A5B /* 15-tags.png */; };
		54590EFBF0B048658C6C82E9 /* StatsViewController.m in Sources */ = {isa = PBXBuildFile; fileRef = 545900D894F9A70A53375126 /* StatsViewController.m */; };
		54590FD8A3E10BFC17C30D69 /* iAd.framework in Frameworks */ = {isa = PBXBuildFile; fileRef = 54590749E265C6FDA7F71885 /* iAd.framework */; };
		BAFD99D7FFF44B5B88DE24E0 /* libPods.a in Frameworks */ = {isa = PBXBuildFile; fileRef = 9DFA38C800B34C7798047A63 /* libPods.a */; };
/* End PBXBuildFile section */

/* Begin PBXContainerItemProxy section */
		020C512118131D20005CA791 /* PBXContainerItemProxy */ = {
			isa = PBXContainerItemProxy;
			containerPortal = 020C50F918131D20005CA791 /* Project object */;
			proxyType = 1;
			remoteGlobalIDString = 020C510018131D20005CA791;
			remoteInfo = PokemonTypeEffectiveness;
		};
/* End PBXContainerItemProxy section */

/* Begin PBXFileReference section */
		0201624218397521006A93DB /* Quick Attack.entitlements */ = {isa = PBXFileReference; lastKnownFileType = text.xml; path = "Quick Attack.entitlements"; sourceTree = "<group>"; };
		020C510118131D20005CA791 /* Quick Attack.app */ = {isa = PBXFileReference; explicitFileType = wrapper.application; includeInIndex = 0; path = "Quick Attack.app"; sourceTree = BUILT_PRODUCTS_DIR; };
		020C510418131D20005CA791 /* Foundation.framework */ = {isa = PBXFileReference; lastKnownFileType = wrapper.framework; name = Foundation.framework; path = System/Library/Frameworks/Foundation.framework; sourceTree = SDKROOT; };
		020C510618131D20005CA791 /* CoreGraphics.framework */ = {isa = PBXFileReference; lastKnownFileType = wrapper.framework; name = CoreGraphics.framework; path = System/Library/Frameworks/CoreGraphics.framework; sourceTree = SDKROOT; };
		020C510818131D20005CA791 /* UIKit.framework */ = {isa = PBXFileReference; lastKnownFileType = wrapper.framework; name = UIKit.framework; path = System/Library/Frameworks/UIKit.framework; sourceTree = SDKROOT; };
		020C510C18131D20005CA791 /* PokemonTypeEffectiveness-Info.plist */ = {isa = PBXFileReference; lastKnownFileType = text.plist.xml; path = "PokemonTypeEffectiveness-Info.plist"; sourceTree = "<group>"; };
		020C510E18131D20005CA791 /* en */ = {isa = PBXFileReference; lastKnownFileType = text.plist.strings; name = en; path = en.lproj/InfoPlist.strings; sourceTree = "<group>"; };
		020C511018131D20005CA791 /* main.m */ = {isa = PBXFileReference; lastKnownFileType = sourcecode.c.objc; path = main.m; sourceTree = "<group>"; };
		020C511218131D20005CA791 /* PokemonTypeEffectiveness-Prefix.pch */ = {isa = PBXFileReference; lastKnownFileType = sourcecode.c.h; path = "PokemonTypeEffectiveness-Prefix.pch"; sourceTree = "<group>"; };
		020C511318131D20005CA791 /* AppDelegate.h */ = {isa = PBXFileReference; lastKnownFileType = sourcecode.c.h; path = AppDelegate.h; sourceTree = "<group>"; };
		020C511418131D20005CA791 /* AppDelegate.m */ = {isa = PBXFileReference; lastKnownFileType = sourcecode.c.objc; path = AppDelegate.m; sourceTree = "<group>"; };
		020C511618131D20005CA791 /* Images.xcassets */ = {isa = PBXFileReference; lastKnownFileType = folder.assetcatalog; path = Images.xcassets; sourceTree = "<group>"; };
		020C511C18131D20005CA791 /* Quick Attack.xctest */ = {isa = PBXFileReference; explicitFileType = wrapper.cfbundle; includeInIndex = 0; path = "Quick Attack.xctest"; sourceTree = BUILT_PRODUCTS_DIR; };
		020C511D18131D20005CA791 /* XCTest.framework */ = {isa = PBXFileReference; lastKnownFileType = wrapper.framework; name = XCTest.framework; path = Library/Frameworks/XCTest.framework; sourceTree = DEVELOPER_DIR; };
		020C512518131D20005CA791 /* PokemonTypeEffectivenessTests-Info.plist */ = {isa = PBXFileReference; lastKnownFileType = text.plist.xml; path = "PokemonTypeEffectivenessTests-Info.plist"; sourceTree = "<group>"; };
		020C512718131D20005CA791 /* en */ = {isa = PBXFileReference; lastKnownFileType = text.plist.strings; name = en; path = en.lproj/InfoPlist.strings; sourceTree = "<group>"; };
		020C513318131E05005CA791 /* Storyboard.storyboard */ = {isa = PBXFileReference; fileEncoding = 4; lastKnownFileType = file.storyboard; path = Storyboard.storyboard; sourceTree = "<group>"; };
		0255078A18140D41003B4CD6 /* StoreKit.framework */ = {isa = PBXFileReference; lastKnownFileType = wrapper.framework; name = StoreKit.framework; path = System/Library/Frameworks/StoreKit.framework; sourceTree = SDKROOT; };
		0275E4551814BF5300D8F421 /* pokemon.json */ = {isa = PBXFileReference; fileEncoding = 4; lastKnownFileType = text.json; path = pokemon.json; sourceTree = "<group>"; };
		22E03E531D714C5285B1606F /* Pods.xcconfig */ = {isa = PBXFileReference; includeInIndex = 1; lastKnownFileType = text.xcconfig; name = Pods.xcconfig; path = Pods/Pods.xcconfig; sourceTree = SOURCE_ROOT; };
		545900D894F9A70A53375126 /* StatsViewController.m */ = {isa = PBXFileReference; fileEncoding = 4; lastKnownFileType = sourcecode.c.objc; path = StatsViewController.m; sourceTree = "<group>"; };
		545900FDEA155C2658DA1C4E /* AddCell.h */ = {isa = PBXFileReference; fileEncoding = 4; lastKnownFileType = sourcecode.c.h; path = AddCell.h; sourceTree = "<group>"; };
		545901A64ED3068909369AF4 /* StatsViewController.h */ = {isa = PBXFileReference; fileEncoding = 4; lastKnownFileType = sourcecode.c.h; path = StatsViewController.h; sourceTree = "<group>"; };
		545901A84F0C7782483FF7EE /* 15-tags@2x.png */ = {isa = PBXFileReference; lastKnownFileType = image.png; path = "15-tags@2x.png"; sourceTree = "<group>"; };
		545901EA628FBB831E432178 /* SKProductStore.m */ = {isa = PBXFileReference; fileEncoding = 4; lastKnownFileType = sourcecode.c.objc; path = SKProductStore.m; sourceTree = "<group>"; };
		54590203D44A6149D468FF0E /* TestHelper.h */ = {isa = PBXFileReference; fileEncoding = 4; lastKnownFileType = sourcecode.c.h; path = TestHelper.h; sourceTree = "<group>"; };
		54590210B96ED6AD3190D4F9 /* MyPokemonStore.h */ = {isa = PBXFileReference; fileEncoding = 4; lastKnownFileType = sourcecode.c.h; path = MyPokemonStore.h; sourceTree = "<group>"; };
		5459025D255286CE1EBABF44 /* AdStore.m */ = {isa = PBXFileReference; fileEncoding = 4; lastKnownFileType = sourcecode.c.objc; path = AdStore.m; sourceTree = "<group>"; };
		54590264EB6F876127D839D6 /* TypeCalculatorTests.m */ = {isa = PBXFileReference; fileEncoding = 4; lastKnownFileType = sourcecode.c.objc; path = TypeCalculatorTests.m; sourceTree = "<group>"; };
		545902737DEE083CAD3A8D39 /* InfoCellWithMega.h */ = {isa = PBXFileReference; fileEncoding = 4; lastKnownFileType = sourcecode.c.h; path = InfoCellWithMega.h; sourceTree = "<group>"; };
		545902788B91AB8B66894EA1 /* TestHelper.m */ = {isa = PBXFileReference; fileEncoding = 4; lastKnownFileType = sourcecode.c.objc; path = TestHelper.m; sourceTree = "<group>"; };
		5459029D9F65EEFC2FCA827F /* PokemonStoreTests.h */ = {isa = PBXFileReference; fileEncoding = 4; lastKnownFileType = sourcecode.c.h; path = PokemonStoreTests.h; sourceTree = "<group>"; };
		545902D7C447FFEA28D6793F /* CompareProtocol.h */ = {isa = PBXFileReference; fileEncoding = 4; lastKnownFileType = sourcecode.c.h; path = CompareProtocol.h; sourceTree = "<group>"; };
		545902E51CADE28BABD5E81F /* StatsCompareCell.xib */ = {isa = PBXFileReference; lastKnownFileType = file.xib; path = StatsCompareCell.xib; sourceTree = "<group>"; };
		545902EA93F6EE3C83207F23 /* CompareViewController.h */ = {isa = PBXFileReference; fileEncoding = 4; lastKnownFileType = sourcecode.c.h; path = CompareViewController.h; sourceTree = "<group>"; };
		545902F2BF61369A2D8C2AA5 /* PokemonListViewController.m */ = {isa = PBXFileReference; fileEncoding = 4; lastKnownFileType = sourcecode.c.objc; path = PokemonListViewController.m; sourceTree = "<group>"; };
		545902F3C682DB143687CF2B /* ButtonMenu@2x.png */ = {isa = PBXFileReference; lastKnownFileType = image.png; path = "ButtonMenu@2x.png"; sourceTree = "<group>"; };
		54590309F6E2A4F7535E66AA /* InfoCell.m */ = {isa = PBXFileReference; fileEncoding = 4; lastKnownFileType = sourcecode.c.objc; path = InfoCell.m; sourceTree = "<group>"; };
		5459031748C1BAA007785097 /* QuartzCore.framework */ = {isa = PBXFileReference; lastKnownFileType = wrapper.framework; name = QuartzCore.framework; path = System/Library/Frameworks/QuartzCore.framework; sourceTree = SDKROOT; };
		545903319773F2788A5B9C33 /* SKProductStore.h */ = {isa = PBXFileReference; fileEncoding = 4; lastKnownFileType = sourcecode.c.h; path = SKProductStore.h; sourceTree = "<group>"; };
		5459036A7D4F90CB9A97FE39 /* PokemonViewDeckController.m */ = {isa = PBXFileReference; fileEncoding = 4; lastKnownFileType = sourcecode.c.objc; path = PokemonViewDeckController.m; sourceTree = "<group>"; };
		54590398660F9F4E8380714A /* StatsCell.h */ = {isa = PBXFileReference; fileEncoding = 4; lastKnownFileType = sourcecode.c.h; path = StatsCell.h; sourceTree = "<group>"; };
		545903CAE5175FDF7B676A5B /* 15-tags.png */ = {isa = PBXFileReference; lastKnownFileType = image.png; path = "15-tags.png"; sourceTree = "<group>"; };
		545903F00B45F546A4EDA019 /* InfoCell.xib */ = {isa = PBXFileReference; lastKnownFileType = file.xib; path = InfoCell.xib; sourceTree = "<group>"; };
		54590412E18210E245EE73F8 /* InfoCellWithMega.m */ = {isa = PBXFileReference; fileEncoding = 4; lastKnownFileType = sourcecode.c.objc; path = InfoCellWithMega.m; sourceTree = "<group>"; };
		5459041305297148E7210526 /* AddCell.xib */ = {isa = PBXFileReference; lastKnownFileType = file.xib; path = AddCell.xib; sourceTree = "<group>"; };
		5459044846D48B1A9B336B1A /* PokemonTypeViewControllerTests.m */ = {isa = PBXFileReference; fileEncoding = 4; lastKnownFileType = sourcecode.c.objc; path = PokemonTypeViewControllerTests.m; sourceTree = "<group>"; };
		5459045542C547D7330C5AC6 /* 06-magnify.png */ = {isa = PBXFileReference; lastKnownFileType = image.png; path = "06-magnify.png"; sourceTree = "<group>"; };
		5459048CF2A27B775B417077 /* ComparePokemonHeader.m */ = {isa = PBXFileReference; fileEncoding = 4; lastKnownFileType = sourcecode.c.objc; path = ComparePokemonHeader.m; sourceTree = "<group>"; };
		545904A9AC326189E2C3D8A7 /* InfoCellTests.m */ = {isa = PBXFileReference; fileEncoding = 4; lastKnownFileType = sourcecode.c.objc; path = InfoCellTests.m; sourceTree = "<group>"; };
		5459050E264405DB50258F7A /* PokemonNavViewController.h */ = {isa = PBXFileReference; fileEncoding = 4; lastKnownFileType = sourcecode.c.h; path = PokemonNavViewController.h; sourceTree = "<group>"; };
		5459056198DE1C35C838020F /* TypeEffectivenessCell.m */ = {isa = PBXFileReference; fileEncoding = 4; lastKnownFileType = sourcecode.c.objc; path = TypeEffectivenessCell.m; sourceTree = "<group>"; };
		54590584D7D8BDE9DA989103 /* Mailer.h */ = {isa = PBXFileReference; fileEncoding = 4; lastKnownFileType = sourcecode.c.h; path = Mailer.h; sourceTree = "<group>"; };
		545905A43663D966214D0B99 /* AdCell.xib */ = {isa = PBXFileReference; lastKnownFileType = file.xib; path = AdCell.xib; sourceTree = "<group>"; };
		545905EC2C447760E760F51B /* ComparePokemonHeader.h */ = {isa = PBXFileReference; fileEncoding = 4; lastKnownFileType = sourcecode.c.h; path = ComparePokemonHeader.h; sourceTree = "<group>"; };
		54590679373F4BBF9D7432A1 /* InfoCellWithMega.xib */ = {isa = PBXFileReference; lastKnownFileType = file.xib; path = InfoCellWithMega.xib; sourceTree = "<group>"; };
		545906801D505AD366B6A6CF /* AdCell.m */ = {isa = PBXFileReference; fileEncoding = 4; lastKnownFileType = sourcecode.c.objc; path = AdCell.m; sourceTree = "<group>"; };
		545906A812AA6DEB7859BDC5 /* TypeCalculatorTests.h */ = {isa = PBXFileReference; fileEncoding = 4; lastKnownFileType = sourcecode.c.h; path = TypeCalculatorTests.h; sourceTree = "<group>"; };
		545906BC47E3D0B153D22520 /* PokemonViewDeckController.h */ = {isa = PBXFileReference; fileEncoding = 4; lastKnownFileType = sourcecode.c.h; path = PokemonViewDeckController.h; sourceTree = "<group>"; };
		54590731E990B6FD7A8E609D /* TypeEffectivenessCell.h */ = {isa = PBXFileReference; fileEncoding = 4; lastKnownFileType = sourcecode.c.h; path = TypeEffectivenessCell.h; sourceTree = "<group>"; };
		54590749E265C6FDA7F71885 /* iAd.framework */ = {isa = PBXFileReference; lastKnownFileType = wrapper.framework; name = iAd.framework; path = System/Library/Frameworks/iAd.framework; sourceTree = SDKROOT; };
		5459076ED87908CAF5E3C083 /* AdStore.h */ = {isa = PBXFileReference; fileEncoding = 4; lastKnownFileType = sourcecode.c.h; path = AdStore.h; sourceTree = "<group>"; };
		54590787E12C8625BB2CEEFA /* ComparePokemonHeader.xib */ = {isa = PBXFileReference; lastKnownFileType = file.xib; path = ComparePokemonHeader.xib; sourceTree = "<group>"; };
		5459082DFA0E163A7CE5A7B3 /* MyPokemonStore.m */ = {isa = PBXFileReference; fileEncoding = 4; lastKnownFileType = sourcecode.c.objc; path = MyPokemonStore.m; sourceTree = "<group>"; };
		54590831D4EE73EC741FA609 /* StatsViewControllerTests.h */ = {isa = PBXFileReference; fileEncoding = 4; lastKnownFileType = sourcecode.c.h; path = StatsViewControllerTests.h; sourceTree = "<group>"; };
		5459088463E7F731AF419B5D /* PokemonStoreTests.m */ = {isa = PBXFileReference; fileEncoding = 4; lastKnownFileType = sourcecode.c.objc; path = PokemonStoreTests.m; sourceTree = "<group>"; };
		545908D0C21C0C3385BE407E /* 09-chat-2@2x.png */ = {isa = PBXFileReference; lastKnownFileType = image.png; path = "09-chat-2@2x.png"; sourceTree = "<group>"; };
		545908E076C3C6BDB28108DE /* StatsCell.m */ = {isa = PBXFileReference; fileEncoding = 4; lastKnownFileType = sourcecode.c.objc; path = StatsCell.m; sourceTree = "<group>"; };
		545908F09046E0E7B3AFCC30 /* TypeEffectivenessCell.xib */ = {isa = PBXFileReference; lastKnownFileType = file.xib; path = TypeEffectivenessCell.xib; sourceTree = "<group>"; };
		545909A9B4FB36E9A29349FC /* MyPokemonViewController.m */ = {isa = PBXFileReference; fileEncoding = 4; lastKnownFileType = sourcecode.c.objc; path = MyPokemonViewController.m; sourceTree = "<group>"; };
		545909AA8D3803A01DE1E527 /* PokemonTypeViewControllerTests.h */ = {isa = PBXFileReference; fileEncoding = 4; lastKnownFileType = sourcecode.c.h; path = PokemonTypeViewControllerTests.h; sourceTree = "<group>"; };
		545909F752E01FF98C207B66 /* TipViewController.h */ = {isa = PBXFileReference; fileEncoding = 4; lastKnownFileType = sourcecode.c.h; path = TipViewController.h; sourceTree = "<group>"; };
		54590A057FE8C16E7412F646 /* AddCell.m */ = {isa = PBXFileReference; fileEncoding = 4; lastKnownFileType = sourcecode.c.objc; path = AddCell.m; sourceTree = "<group>"; };
		54590A0F8EAF239343FF677A /* MyPokemonStoreTests.m */ = {isa = PBXFileReference; fileEncoding = 4; lastKnownFileType = sourcecode.c.objc; path = MyPokemonStoreTests.m; sourceTree = "<group>"; };
		54590A90889DEA9611AF6BBD /* Mailer.m */ = {isa = PBXFileReference; fileEncoding = 4; lastKnownFileType = sourcecode.c.objc; path = Mailer.m; sourceTree = "<group>"; };
		54590A96C2BBBF828BED72F5 /* PokemonStore.m */ = {isa = PBXFileReference; fileEncoding = 4; lastKnownFileType = sourcecode.c.objc; path = PokemonStore.m; sourceTree = "<group>"; };
		54590A9B04D54EF541D45CF8 /* PokemonTypeViewController.m */ = {isa = PBXFileReference; fileEncoding = 4; lastKnownFileType = sourcecode.c.objc; path = PokemonTypeViewController.m; sourceTree = "<group>"; };
		54590ADCEC7E20E1C3738304 /* MyPokemonViewController.h */ = {isa = PBXFileReference; fileEncoding = 4; lastKnownFileType = sourcecode.c.h; path = MyPokemonViewController.h; sourceTree = "<group>"; };
		54590AEF26A02E8356914478 /* AddPokemonViewController.m */ = {isa = PBXFileReference; fileEncoding = 4; lastKnownFileType = sourcecode.c.objc; path = AddPokemonViewController.m; sourceTree = "<group>"; };
		54590B9AF4FDC44878BFBD98 /* TypeCalculator.m */ = {isa = PBXFileReference; fileEncoding = 4; lastKnownFileType = sourcecode.c.objc; path = TypeCalculator.m; sourceTree = "<group>"; };
		54590BFA55197566F3ACF94B /* InfoCell.h */ = {isa = PBXFileReference; fileEncoding = 4; lastKnownFileType = sourcecode.c.h; path = InfoCell.h; sourceTree = "<group>"; };
		54590C1143E8B71B14131549 /* MegaTransitionDelegate.h */ = {isa = PBXFileReference; fileEncoding = 4; lastKnownFileType = sourcecode.c.h; path = MegaTransitionDelegate.h; sourceTree = "<group>"; };
		54590C7EFFF7B3B6E10E57A5 /* MyPokemonStoreTests.h */ = {isa = PBXFileReference; fileEncoding = 4; lastKnownFileType = sourcecode.c.h; path = MyPokemonStoreTests.h; sourceTree = "<group>"; };
		54590CA599824E9A2F0A539B /* ButtonMenu.png */ = {isa = PBXFileReference; lastKnownFileType = image.png; path = ButtonMenu.png; sourceTree = "<group>"; };
		54590CB2B22F5D172F48BE91 /* StatsCompareCell.h */ = {isa = PBXFileReference; fileEncoding = 4; lastKnownFileType = sourcecode.c.h; path = StatsCompareCell.h; sourceTree = "<group>"; };
		54590CB37EC96B400CB92CF2 /* PokemonNavViewController.m */ = {isa = PBXFileReference; fileEncoding = 4; lastKnownFileType = sourcecode.c.objc; path = PokemonNavViewController.m; sourceTree = "<group>"; };
		54590CF21BEB3BFDA582A301 /* StatsCompareCell.m */ = {isa = PBXFileReference; fileEncoding = 4; lastKnownFileType = sourcecode.c.objc; path = StatsCompareCell.m; sourceTree = "<group>"; };
		54590D1524DB11F9E77755A0 /* PokemonTypeViewController.h */ = {isa = PBXFileReference; fileEncoding = 4; lastKnownFileType = sourcecode.c.h; path = PokemonTypeViewController.h; sourceTree = "<group>"; };
		54590D17DDF91959618CAC1E /* StatsCell.xib */ = {isa = PBXFileReference; lastKnownFileType = file.xib; path = StatsCell.xib; sourceTree = "<group>"; };
		54590D41B5541C828AAF6EDF /* TypeCalculator.h */ = {isa = PBXFileReference; fileEncoding = 4; lastKnownFileType = sourcecode.c.h; path = TypeCalculator.h; sourceTree = "<group>"; };
		54590D6D8286DBC849EA14A7 /* AddPokemonViewController.h */ = {isa = PBXFileReference; fileEncoding = 4; lastKnownFileType = sourcecode.c.h; path = AddPokemonViewController.h; sourceTree = "<group>"; };
		54590E0C23EB349C81237192 /* MyPokemonListViewController.m */ = {isa = PBXFileReference; fileEncoding = 4; lastKnownFileType = sourcecode.c.objc; path = MyPokemonListViewController.m; sourceTree = "<group>"; };
		54590EA2B8410E6C8EBD3FC0 /* PokemonListViewController.h */ = {isa = PBXFileReference; fileEncoding = 4; lastKnownFileType = sourcecode.c.h; path = PokemonListViewController.h; sourceTree = "<group>"; };
		54590EA689B7DC077B563A9C /* StatsViewControllerTests.m */ = {isa = PBXFileReference; fileEncoding = 4; lastKnownFileType = sourcecode.c.objc; path = StatsViewControllerTests.m; sourceTree = "<group>"; };
		54590EB7D6ECDEF26F133B30 /* CompareViewController.m */ = {isa = PBXFileReference; fileEncoding = 4; lastKnownFileType = sourcecode.c.objc; path = CompareViewController.m; sourceTree = "<group>"; };
		54590EDCCF28FB92F1DD830B /* AdCell.h */ = {isa = PBXFileReference; fileEncoding = 4; lastKnownFileType = sourcecode.c.h; path = AdCell.h; sourceTree = "<group>"; };
		54590F3A14D6FB741C199994 /* 06-magnify@2x.png */ = {isa = PBXFileReference; lastKnownFileType = image.png; path = "06-magnify@2x.png"; sourceTree = "<group>"; };
		54590F5D540A6021BF4C0537 /* InfoCellTests.h */ = {isa = PBXFileReference; fileEncoding = 4; lastKnownFileType = sourcecode.c.h; path = InfoCellTests.h; sourceTree = "<group>"; };
		54590F82E1101AE173937E0B /* MyPokemonListViewController.h */ = {isa = PBXFileReference; fileEncoding = 4; lastKnownFileType = sourcecode.c.h; path = MyPokemonListViewController.h; sourceTree = "<group>"; };
		54590F964A9E1C7FE5FA5EAA /* TipViewController.m */ = {isa = PBXFileReference; fileEncoding = 4; lastKnownFileType = sourcecode.c.objc; path = TipViewController.m; sourceTree = "<group>"; };
		54590FB10C7E24D845C777F3 /* PokemonStore.h */ = {isa = PBXFileReference; fileEncoding = 4; lastKnownFileType = sourcecode.c.h; path = PokemonStore.h; sourceTree = "<group>"; };
		54590FD720673C74A488F6A9 /* 09-chat-2.png */ = {isa = PBXFileReference; lastKnownFileType = image.png; path = "09-chat-2.png"; sourceTree = "<group>"; };
		9DFA38C800B34C7798047A63 /* libPods.a */ = {isa = PBXFileReference; explicitFileType = archive.ar; includeInIndex = 0; path = libPods.a; sourceTree = BUILT_PRODUCTS_DIR; };
/* End PBXFileReference section */

/* Begin PBXFrameworksBuildPhase section */
		020C50FE18131D20005CA791 /* Frameworks */ = {
			isa = PBXFrameworksBuildPhase;
			buildActionMask = 2147483647;
			files = (
				BAFD99D7FFF44B5B88DE24E0 /* libPods.a in Frameworks */,
				020C510718131D20005CA791 /* CoreGraphics.framework in Frameworks */,
				020C510918131D20005CA791 /* UIKit.framework in Frameworks */,
				0255078B18140D41003B4CD6 /* StoreKit.framework in Frameworks */,
				020C510518131D20005CA791 /* Foundation.framework in Frameworks */,
				54590BA74F43B52291221935 /* QuartzCore.framework in Frameworks */,
				54590FD8A3E10BFC17C30D69 /* iAd.framework in Frameworks */,
			);
			runOnlyForDeploymentPostprocessing = 0;
		};
		020C511918131D20005CA791 /* Frameworks */ = {
			isa = PBXFrameworksBuildPhase;
			buildActionMask = 2147483647;
			files = (
				020C511E18131D20005CA791 /* XCTest.framework in Frameworks */,
				020C512018131D20005CA791 /* UIKit.framework in Frameworks */,
				020C511F18131D20005CA791 /* Foundation.framework in Frameworks */,
			);
			runOnlyForDeploymentPostprocessing = 0;
		};
/* End PBXFrameworksBuildPhase section */

/* Begin PBXGroup section */
		020C50F818131D20005CA791 = {
			isa = PBXGroup;
			children = (
				020C510A18131D20005CA791 /* PokemonTypeEffectiveness */,
				020C512318131D20005CA791 /* PokemonTypeEffectivenessTests */,
				020C510318131D20005CA791 /* Frameworks */,
				020C510218131D20005CA791 /* Products */,
				22E03E531D714C5285B1606F /* Pods.xcconfig */,
			);
			sourceTree = "<group>";
		};
		020C510218131D20005CA791 /* Products */ = {
			isa = PBXGroup;
			children = (
				020C510118131D20005CA791 /* Quick Attack.app */,
				020C511C18131D20005CA791 /* Quick Attack.xctest */,
			);
			name = Products;
			sourceTree = "<group>";
		};
		020C510318131D20005CA791 /* Frameworks */ = {
			isa = PBXGroup;
			children = (
				0255078A18140D41003B4CD6 /* StoreKit.framework */,
				020C510418131D20005CA791 /* Foundation.framework */,
				020C510618131D20005CA791 /* CoreGraphics.framework */,
				020C510818131D20005CA791 /* UIKit.framework */,
				020C511D18131D20005CA791 /* XCTest.framework */,
				9DFA38C800B34C7798047A63 /* libPods.a */,
				5459031748C1BAA007785097 /* QuartzCore.framework */,
				54590749E265C6FDA7F71885 /* iAd.framework */,
			);
			name = Frameworks;
			sourceTree = "<group>";
		};
		020C510A18131D20005CA791 /* PokemonTypeEffectiveness */ = {
			isa = PBXGroup;
			children = (
				0201624218397521006A93DB /* Quick Attack.entitlements */,
				0275E4551814BF5300D8F421 /* pokemon.json */,
				020C511318131D20005CA791 /* AppDelegate.h */,
				020C511418131D20005CA791 /* AppDelegate.m */,
				020C511618131D20005CA791 /* Images.xcassets */,
				020C510B18131D20005CA791 /* Supporting Files */,
				020C513318131E05005CA791 /* Storyboard.storyboard */,
				54590FFA08E467EE1D11861E /* Store */,
				54590F9D1A70F8857E530345 /* Views */,
				54590A72973AAC05FE120859 /* Images */,
				5459054A5B9740D262A35C22 /* Util */,
			);
			path = PokemonTypeEffectiveness;
			sourceTree = "<group>";
		};
		020C510B18131D20005CA791 /* Supporting Files */ = {
			isa = PBXGroup;
			children = (
				020C510C18131D20005CA791 /* PokemonTypeEffectiveness-Info.plist */,
				020C510D18131D20005CA791 /* InfoPlist.strings */,
				020C511018131D20005CA791 /* main.m */,
				020C511218131D20005CA791 /* PokemonTypeEffectiveness-Prefix.pch */,
			);
			name = "Supporting Files";
			sourceTree = "<group>";
		};
		020C512318131D20005CA791 /* PokemonTypeEffectivenessTests */ = {
			isa = PBXGroup;
			children = (
				020C512418131D20005CA791 /* Supporting Files */,
				545902D015B0AC6782A41C2D /* Store */,
				5459095EAA92658497C38D03 /* Views */,
				545902788B91AB8B66894EA1 /* TestHelper.m */,
				54590203D44A6149D468FF0E /* TestHelper.h */,
			);
			path = PokemonTypeEffectivenessTests;
			sourceTree = "<group>";
		};
		020C512418131D20005CA791 /* Supporting Files */ = {
			isa = PBXGroup;
			children = (
				020C512518131D20005CA791 /* PokemonTypeEffectivenessTests-Info.plist */,
				020C512618131D20005CA791 /* InfoPlist.strings */,
			);
			name = "Supporting Files";
			sourceTree = "<group>";
		};
		545900F13AD652EF50CA913E /* Type */ = {
			isa = PBXGroup;
			children = (
				54590C1143E8B71B14131549 /* MegaTransitionDelegate.h */,
				5459018854CB9C23886075E5 /* Types */,
				54590A541A414EDE4842488C /* Stats */,
			);
			path = Type;
			sourceTree = "<group>";
		};
		5459018854CB9C23886075E5 /* Types */ = {
			isa = PBXGroup;
			children = (
				5459056198DE1C35C838020F /* TypeEffectivenessCell.m */,
				545908F09046E0E7B3AFCC30 /* TypeEffectivenessCell.xib */,
				54590731E990B6FD7A8E609D /* TypeEffectivenessCell.h */,
				54590D1524DB11F9E77755A0 /* PokemonTypeViewController.h */,
				54590A9B04D54EF541D45CF8 /* PokemonTypeViewController.m */,
				54590309F6E2A4F7535E66AA /* InfoCell.m */,
				54590412E18210E245EE73F8 /* InfoCellWithMega.m */,
				54590BFA55197566F3ACF94B /* InfoCell.h */,
				545903F00B45F546A4EDA019 /* InfoCell.xib */,
				545902737DEE083CAD3A8D39 /* InfoCellWithMega.h */,
				54590679373F4BBF9D7432A1 /* InfoCellWithMega.xib */,
			);
			path = Types;
			sourceTree = "<group>";
		};
		545902D015B0AC6782A41C2D /* Store */ = {
			isa = PBXGroup;
			children = (
				5459088463E7F731AF419B5D /* PokemonStoreTests.m */,
				5459029D9F65EEFC2FCA827F /* PokemonStoreTests.h */,
				54590264EB6F876127D839D6 /* TypeCalculatorTests.m */,
				545906A812AA6DEB7859BDC5 /* TypeCalculatorTests.h */,
				54590A0F8EAF239343FF677A /* MyPokemonStoreTests.m */,
				54590C7EFFF7B3B6E10E57A5 /* MyPokemonStoreTests.h */,
			);
			path = Store;
			sourceTree = "<group>";
		};
		545903C3127C92357AA5D7E2 /* Type */ = {
			isa = PBXGroup;
			children = (
				545904A9AC326189E2C3D8A7 /* InfoCellTests.m */,
				54590F5D540A6021BF4C0537 /* InfoCellTests.h */,
				5459044846D48B1A9B336B1A /* PokemonTypeViewControllerTests.m */,
				545909AA8D3803A01DE1E527 /* PokemonTypeViewControllerTests.h */,
				54590EA689B7DC077B563A9C /* StatsViewControllerTests.m */,
				54590831D4EE73EC741FA609 /* StatsViewControllerTests.h */,
			);
			path = Type;
			sourceTree = "<group>";
		};
		5459054A5B9740D262A35C22 /* Util */ = {
			isa = PBXGroup;
			children = (
				54590A90889DEA9611AF6BBD /* Mailer.m */,
				54590584D7D8BDE9DA989103 /* Mailer.h */,
			);
			path = Util;
			sourceTree = "<group>";
		};
		5459095EAA92658497C38D03 /* Views */ = {
			isa = PBXGroup;
			children = (
				545903C3127C92357AA5D7E2 /* Type */,
			);
			path = Views;
			sourceTree = "<group>";
		};
		54590A541A414EDE4842488C /* Stats */ = {
			isa = PBXGroup;
			children = (
				545900D894F9A70A53375126 /* StatsViewController.m */,
				545901A64ED3068909369AF4 /* StatsViewController.h */,
				54590D17DDF91959618CAC1E /* StatsCell.xib */,
				545908E076C3C6BDB28108DE /* StatsCell.m */,
				54590398660F9F4E8380714A /* StatsCell.h */,
				54590EB7D6ECDEF26F133B30 /* CompareViewController.m */,
				545902EA93F6EE3C83207F23 /* CompareViewController.h */,
				545902D7C447FFEA28D6793F /* CompareProtocol.h */,
				545902E51CADE28BABD5E81F /* StatsCompareCell.xib */,
				54590CF21BEB3BFDA582A301 /* StatsCompareCell.m */,
				54590CB2B22F5D172F48BE91 /* StatsCompareCell.h */,
				5459048CF2A27B775B417077 /* ComparePokemonHeader.m */,
				545905EC2C447760E760F51B /* ComparePokemonHeader.h */,
				54590787E12C8625BB2CEEFA /* ComparePokemonHeader.xib */,
			);
			path = Stats;
			sourceTree = "<group>";
		};
		54590A72973AAC05FE120859 /* Images */ = {
			isa = PBXGroup;
			children = (
				54590CA599824E9A2F0A539B /* ButtonMenu.png */,
				545902F3C682DB143687CF2B /* ButtonMenu@2x.png */,
				5459045542C547D7330C5AC6 /* 06-magnify.png */,
				54590F3A14D6FB741C199994 /* 06-magnify@2x.png */,
				545903CAE5175FDF7B676A5B /* 15-tags.png */,
				545901A84F0C7782483FF7EE /* 15-tags@2x.png */,
				545908D0C21C0C3385BE407E /* 09-chat-2@2x.png */,
				54590FD720673C74A488F6A9 /* 09-chat-2.png */,
			);
			path = Images;
			sourceTree = "<group>";
		};
		54590A825B3F9F5A600FBA75 /* MyPokemon */ = {
			isa = PBXGroup;
			children = (
				545909A9B4FB36E9A29349FC /* MyPokemonViewController.m */,
				54590ADCEC7E20E1C3738304 /* MyPokemonViewController.h */,
				5459041305297148E7210526 /* AddCell.xib */,
				54590A057FE8C16E7412F646 /* AddCell.m */,
				545900FDEA155C2658DA1C4E /* AddCell.h */,
				54590AEF26A02E8356914478 /* AddPokemonViewController.m */,
				54590D6D8286DBC849EA14A7 /* AddPokemonViewController.h */,
				54590E0C23EB349C81237192 /* MyPokemonListViewController.m */,
				54590F82E1101AE173937E0B /* MyPokemonListViewController.h */,
			);
			path = MyPokemon;
			sourceTree = "<group>";
		};
		54590F9D1A70F8857E530345 /* Views */ = {
			isa = PBXGroup;
			children = (
				545902F2BF61369A2D8C2AA5 /* PokemonListViewController.m */,
				54590EA2B8410E6C8EBD3FC0 /* PokemonListViewController.h */,
				545900F13AD652EF50CA913E /* Type */,
				54590F964A9E1C7FE5FA5EAA /* TipViewController.m */,
				545909F752E01FF98C207B66 /* TipViewController.h */,
				5459036A7D4F90CB9A97FE39 /* PokemonViewDeckController.m */,
				545906BC47E3D0B153D22520 /* PokemonViewDeckController.h */,
				54590CB37EC96B400CB92CF2 /* PokemonNavViewController.m */,
				5459050E264405DB50258F7A /* PokemonNavViewController.h */,
				54590A825B3F9F5A600FBA75 /* MyPokemon */,
				545906801D505AD366B6A6CF /* AdCell.m */,
				54590EDCCF28FB92F1DD830B /* AdCell.h */,
				545905A43663D966214D0B99 /* AdCell.xib */,
			);
			path = Views;
			sourceTree = "<group>";
		};
		54590FFA08E467EE1D11861E /* Store */ = {
			isa = PBXGroup;
			children = (
				54590A96C2BBBF828BED72F5 /* PokemonStore.m */,
				54590FB10C7E24D845C777F3 /* PokemonStore.h */,
				54590B9AF4FDC44878BFBD98 /* TypeCalculator.m */,
				54590D41B5541C828AAF6EDF /* TypeCalculator.h */,
				545903319773F2788A5B9C33 /* SKProductStore.h */,
				545901EA628FBB831E432178 /* SKProductStore.m */,
				5459082DFA0E163A7CE5A7B3 /* MyPokemonStore.m */,
				54590210B96ED6AD3190D4F9 /* MyPokemonStore.h */,
				5459025D255286CE1EBABF44 /* AdStore.m */,
				5459076ED87908CAF5E3C083 /* AdStore.h */,
			);
			path = Store;
			sourceTree = "<group>";
		};
/* End PBXGroup section */

/* Begin PBXNativeTarget section */
		020C510018131D20005CA791 /* PokemonTypeEffectiveness */ = {
			isa = PBXNativeTarget;
			buildConfigurationList = 020C512D18131D20005CA791 /* Build configuration list for PBXNativeTarget "PokemonTypeEffectiveness" */;
			buildPhases = (
				F79EA5D050B848FD95790954 /* Check Pods Manifest.lock */,
				020C50FD18131D20005CA791 /* Sources */,
				020C50FE18131D20005CA791 /* Frameworks */,
				020C50FF18131D20005CA791 /* Resources */,
				5B3C599EB336469781E78145 /* Copy Pods Resources */,
			);
			buildRules = (
			);
			dependencies = (
			);
			name = PokemonTypeEffectiveness;
			productName = PokemonTypeEffectiveness;
			productReference = 020C510118131D20005CA791 /* Quick Attack.app */;
			productType = "com.apple.product-type.application";
		};
		020C511B18131D20005CA791 /* PokemonTypeEffectivenessTests */ = {
			isa = PBXNativeTarget;
			buildConfigurationList = 020C513018131D20005CA791 /* Build configuration list for PBXNativeTarget "PokemonTypeEffectivenessTests" */;
			buildPhases = (
				020C511818131D20005CA791 /* Sources */,
				020C511918131D20005CA791 /* Frameworks */,
				020C511A18131D20005CA791 /* Resources */,
			);
			buildRules = (
			);
			dependencies = (
				020C512218131D20005CA791 /* PBXTargetDependency */,
			);
			name = PokemonTypeEffectivenessTests;
			productName = PokemonTypeEffectivenessTests;
			productReference = 020C511C18131D20005CA791 /* Quick Attack.xctest */;
			productType = "com.apple.product-type.bundle.unit-test";
		};
/* End PBXNativeTarget section */

/* Begin PBXProject section */
		020C50F918131D20005CA791 /* Project object */ = {
			isa = PBXProject;
			attributes = {
				LastUpgradeCheck = 0500;
				ORGANIZATIONNAME = "Stefan Kendall";
				TargetAttributes = {
					020C510018131D20005CA791 = {
						DevelopmentTeam = 255V99ZU6N;
						SystemCapabilities = {
							com.apple.InAppPurchase = {
								enabled = 1;
							};
							com.apple.iCloud = {
								enabled = 1;
							};
						};
					};
					020C511B18131D20005CA791 = {
						TestTargetID = 020C510018131D20005CA791 /* PokemonTypeEffectiveness */;
					};
				};
			};
			buildConfigurationList = 020C50FC18131D20005CA791 /* Build configuration list for PBXProject "PokemonTypeEffectiveness" */;
			compatibilityVersion = "Xcode 3.2";
			developmentRegion = English;
			hasScannedForEncodings = 0;
			knownRegions = (
				en,
			);
			mainGroup = 020C50F818131D20005CA791;
			productRefGroup = 020C510218131D20005CA791 /* Products */;
			projectDirPath = "";
			projectRoot = "";
			targets = (
				020C510018131D20005CA791 /* PokemonTypeEffectiveness */,
				020C511B18131D20005CA791 /* PokemonTypeEffectivenessTests */,
			);
		};
/* End PBXProject section */

/* Begin PBXResourcesBuildPhase section */
		020C50FF18131D20005CA791 /* Resources */ = {
			isa = PBXResourcesBuildPhase;
			buildActionMask = 2147483647;
			files = (
				020C510F18131D20005CA791 /* InfoPlist.strings in Resources */,
				0275E4561814BF5300D8F421 /* pokemon.json in Resources */,
				020C511718131D20005CA791 /* Images.xcassets in Resources */,
				020C513418131E05005CA791 /* Storyboard.storyboard in Resources */,
				54590EA84F85D4CC024B10F6 /* TypeEffectivenessCell.xib in Resources */,
				54590949E95F5601DB5AC460 /* InfoCell.xib in Resources */,
				54590A9FE94983E50728DA86 /* InfoCellWithMega.xib in Resources */,
				54590DD8A93FE863958687EA /* StatsCell.xib in Resources */,
				545904CA7C91ACA87FF524DB /* StatsCompareCell.xib in Resources */,
				54590013F6879F4F3225CEED /* ComparePokemonHeader.xib in Resources */,
				54590D27A8D3539F45C29766 /* ButtonMenu.png in Resources */,
				54590C8E7D112339895BE1B3 /* ButtonMenu@2x.png in Resources */,
				54590D951EBAB939E6753ECF /* 06-magnify.png in Resources */,
				545901C0DCCB443DE22A4459 /* 06-magnify@2x.png in Resources */,
				54590EC67F12A8AF84E5B686 /* 15-tags.png in Resources */,
				54590C58F688860A869BD4B0 /* 15-tags@2x.png in Resources */,
				545904DFFD05ED2F3A401142 /* AddCell.xib in Resources */,
				545905BF47DD76FA1D1B1706 /* AdCell.xib in Resources */,
				5459098DD9E8FCFCEBA050D0 /* 09-chat-2@2x.png in Resources */,
				54590E394F837111A0B1E507 /* 09-chat-2.png in Resources */,
			);
			runOnlyForDeploymentPostprocessing = 0;
		};
		020C511A18131D20005CA791 /* Resources */ = {
			isa = PBXResourcesBuildPhase;
			buildActionMask = 2147483647;
			files = (
				020C512818131D20005CA791 /* InfoPlist.strings in Resources */,
			);
			runOnlyForDeploymentPostprocessing = 0;
		};
/* End PBXResourcesBuildPhase section */

/* Begin PBXShellScriptBuildPhase section */
		5B3C599EB336469781E78145 /* Copy Pods Resources */ = {
			isa = PBXShellScriptBuildPhase;
			buildActionMask = 2147483647;
			files = (
			);
			inputPaths = (
			);
			name = "Copy Pods Resources";
			outputPaths = (
			);
			runOnlyForDeploymentPostprocessing = 0;
			shellPath = /bin/sh;
			shellScript = "\"${SRCROOT}/Pods/Pods-resources.sh\"\n";
		};
		F79EA5D050B848FD95790954 /* Check Pods Manifest.lock */ = {
			isa = PBXShellScriptBuildPhase;
			buildActionMask = 2147483647;
			files = (
			);
			inputPaths = (
			);
			name = "Check Pods Manifest.lock";
			outputPaths = (
			);
			runOnlyForDeploymentPostprocessing = 0;
			shellPath = /bin/sh;
			shellScript = "diff \"${PODS_ROOT}/../Podfile.lock\" \"${PODS_ROOT}/Manifest.lock\" > /dev/null\nif [[ $? != 0 ]] ; then\n    cat << EOM\nerror: The sandbox is not in sync with the Podfile.lock. Run 'pod install' or update your CocoaPods installation.\nEOM\n    exit 1\nfi\n";
		};
/* End PBXShellScriptBuildPhase section */

/* Begin PBXSourcesBuildPhase section */
		020C50FD18131D20005CA791 /* Sources */ = {
			isa = PBXSourcesBuildPhase;
			buildActionMask = 2147483647;
			files = (
				020C511518131D20005CA791 /* AppDelegate.m in Sources */,
				020C511118131D20005CA791 /* main.m in Sources */,
				54590959BAAE8495B14E1232 /* PokemonStore.m in Sources */,
				545900264B79DF065C45BB72 /* PokemonListViewController.m in Sources */,
				545905F84B35A64BA4BE53C2 /* TypeCalculator.m in Sources */,
				545901511E0E6BD35C828D97 /* TipViewController.m in Sources */,
				5459032277C9DAEAA5FC2834 /* SKProductStore.m in Sources */,
				545903B61B737D9C1799DB9B /* TypeEffectivenessCell.m in Sources */,
				54590A22F785C98B24D5144C /* PokemonTypeViewController.m in Sources */,
				54590EFBF0B048658C6C82E9 /* StatsViewController.m in Sources */,
				5459035F46B49F0E6AE941DF /* InfoCell.m in Sources */,
				54590D7693D546651C0F50E2 /* InfoCellWithMega.m in Sources */,
				54590B668174E464D9C21339 /* StatsCell.m in Sources */,
				545903331E8554BC908BEDDA /* CompareViewController.m in Sources */,
				54590A73B21EEE8BEF19F502 /* StatsCompareCell.m in Sources */,
				54590CCCD0423642D1AAF51E /* ComparePokemonHeader.m in Sources */,
				545903BAE438CA84A04ED0B8 /* PokemonViewDeckController.m in Sources */,
				545901740158B49EBB2BB8AF /* PokemonNavViewController.m in Sources */,
				54590866C545FB8EAF165444 /* MyPokemonViewController.m in Sources */,
				54590796CEA830065BB53123 /* AddCell.m in Sources */,
				54590E43B3548E1E550F434D /* AddPokemonViewController.m in Sources */,
				54590D40E09C7E8B7A46C10B /* MyPokemonStore.m in Sources */,
				545902F1C5071B429197395F /* MyPokemonListViewController.m in Sources */,
				54590B1A9A96B3CC054AA3BA /* AdCell.m in Sources */,
				5459002BD5B556C7F8261A37 /* AdStore.m in Sources */,
				54590D39B53D9B7F88138D11 /* Mailer.m in Sources */,
			);
			runOnlyForDeploymentPostprocessing = 0;
		};
		020C511818131D20005CA791 /* Sources */ = {
			isa = PBXSourcesBuildPhase;
			buildActionMask = 2147483647;
			files = (
				545909E8A028C8D9258ADC30 /* PokemonStoreTests.m in Sources */,
				545905F9BBD5C9D01A913F92 /* InfoCellTests.m in Sources */,
				54590D71F74A3F2B1F6342CB /* TypeCalculatorTests.m in Sources */,
				545900A08D0B122D15DFEF51 /* PokemonTypeViewControllerTests.m in Sources */,
				54590489179B838898B9AD6A /* TestHelper.m in Sources */,
				54590DAA40C9E392F3C6521D /* StatsViewControllerTests.m in Sources */,
				54590916BFC4DCCE059848EC /* MyPokemonStoreTests.m in Sources */,
			);
			runOnlyForDeploymentPostprocessing = 0;
		};
/* End PBXSourcesBuildPhase section */

/* Begin PBXTargetDependency section */
		020C512218131D20005CA791 /* PBXTargetDependency */ = {
			isa = PBXTargetDependency;
			target = 020C510018131D20005CA791 /* PokemonTypeEffectiveness */;
			targetProxy = 020C512118131D20005CA791 /* PBXContainerItemProxy */;
		};
/* End PBXTargetDependency section */

/* Begin PBXVariantGroup section */
		020C510D18131D20005CA791 /* InfoPlist.strings */ = {
			isa = PBXVariantGroup;
			children = (
				020C510E18131D20005CA791 /* en */,
			);
			name = InfoPlist.strings;
			sourceTree = "<group>";
		};
		020C512618131D20005CA791 /* InfoPlist.strings */ = {
			isa = PBXVariantGroup;
			children = (
				020C512718131D20005CA791 /* en */,
			);
			name = InfoPlist.strings;
			sourceTree = "<group>";
		};
/* End PBXVariantGroup section */

/* Begin XCBuildConfiguration section */
		020C512B18131D20005CA791 /* Debug */ = {
			isa = XCBuildConfiguration;
			buildSettings = {
				ALWAYS_SEARCH_USER_PATHS = NO;
				ARCHS = "$(ARCHS_STANDARD_INCLUDING_64_BIT)";
				CLANG_CXX_LANGUAGE_STANDARD = "gnu++0x";
				CLANG_CXX_LIBRARY = "libc++";
				CLANG_ENABLE_MODULES = YES;
				CLANG_ENABLE_OBJC_ARC = YES;
				CLANG_WARN_BOOL_CONVERSION = YES;
				CLANG_WARN_CONSTANT_CONVERSION = YES;
				CLANG_WARN_DIRECT_OBJC_ISA_USAGE = YES_ERROR;
				CLANG_WARN_EMPTY_BODY = YES;
				CLANG_WARN_ENUM_CONVERSION = YES;
				CLANG_WARN_INT_CONVERSION = YES;
				CLANG_WARN_OBJC_ROOT_CLASS = YES_ERROR;
				CLANG_WARN__DUPLICATE_METHOD_MATCH = YES;
				"CODE_SIGN_IDENTITY[sdk=iphoneos*]" = "iPhone Developer";
				COPY_PHASE_STRIP = NO;
				GCC_C_LANGUAGE_STANDARD = gnu99;
				GCC_DYNAMIC_NO_PIC = NO;
				GCC_OPTIMIZATION_LEVEL = 0;
				GCC_PREPROCESSOR_DEFINITIONS = (
					"DEBUG=1",
					"$(inherited)",
				);
				GCC_SYMBOLS_PRIVATE_EXTERN = NO;
				GCC_WARN_64_TO_32_BIT_CONVERSION = YES;
				GCC_WARN_ABOUT_RETURN_TYPE = YES_ERROR;
				GCC_WARN_UNDECLARED_SELECTOR = YES;
				GCC_WARN_UNINITIALIZED_AUTOS = YES;
				GCC_WARN_UNUSED_FUNCTION = YES;
				GCC_WARN_UNUSED_VARIABLE = YES;
				IPHONEOS_DEPLOYMENT_TARGET = 7.0;
				ONLY_ACTIVE_ARCH = NO;
				SDKROOT = iphoneos;
				TARGETED_DEVICE_FAMILY = "1,2";
				USER_HEADER_SEARCH_PATHS = "\"${PROJECT_DIR}/Pods\"";
			};
			name = Debug;
		};
		020C512C18131D20005CA791 /* Release */ = {
			isa = XCBuildConfiguration;
			buildSettings = {
				ALWAYS_SEARCH_USER_PATHS = NO;
				ARCHS = "$(ARCHS_STANDARD_INCLUDING_64_BIT)";
				CLANG_CXX_LANGUAGE_STANDARD = "gnu++0x";
				CLANG_CXX_LIBRARY = "libc++";
				CLANG_ENABLE_MODULES = YES;
				CLANG_ENABLE_OBJC_ARC = YES;
				CLANG_WARN_BOOL_CONVERSION = YES;
				CLANG_WARN_CONSTANT_CONVERSION = YES;
				CLANG_WARN_DIRECT_OBJC_ISA_USAGE = YES_ERROR;
				CLANG_WARN_EMPTY_BODY = YES;
				CLANG_WARN_ENUM_CONVERSION = YES;
				CLANG_WARN_INT_CONVERSION = YES;
				CLANG_WARN_OBJC_ROOT_CLASS = YES_ERROR;
				CLANG_WARN__DUPLICATE_METHOD_MATCH = YES;
				"CODE_SIGN_IDENTITY[sdk=iphoneos*]" = "iPhone Developer";
				COPY_PHASE_STRIP = YES;
				ENABLE_NS_ASSERTIONS = NO;
				GCC_C_LANGUAGE_STANDARD = gnu99;
				GCC_WARN_64_TO_32_BIT_CONVERSION = YES;
				GCC_WARN_ABOUT_RETURN_TYPE = YES_ERROR;
				GCC_WARN_UNDECLARED_SELECTOR = YES;
				GCC_WARN_UNINITIALIZED_AUTOS = YES;
				GCC_WARN_UNUSED_FUNCTION = YES;
				GCC_WARN_UNUSED_VARIABLE = YES;
				IPHONEOS_DEPLOYMENT_TARGET = 7.0;
				ONLY_ACTIVE_ARCH = NO;
				SDKROOT = iphoneos;
				TARGETED_DEVICE_FAMILY = "1,2";
				USER_HEADER_SEARCH_PATHS = "\"${PROJECT_DIR}/Pods\"";
				VALIDATE_PRODUCT = YES;
			};
			name = Release;
		};
		020C512E18131D20005CA791 /* Debug */ = {
			isa = XCBuildConfiguration;
			baseConfigurationReference = 22E03E531D714C5285B1606F /* Pods.xcconfig */;
			buildSettings = {
				ASSETCATALOG_COMPILER_APPICON_NAME = AppIcon;
				ASSETCATALOG_COMPILER_LAUNCHIMAGE_NAME = LaunchImage;
				CODE_SIGN_ENTITLEMENTS = "PokemonTypeEffectiveness/Quick Attack.entitlements";
				CODE_SIGN_IDENTITY = "iPhone Developer";
				"CODE_SIGN_IDENTITY[sdk=iphoneos*]" = "iPhone Developer";
				FRAMEWORK_SEARCH_PATHS = (
					"$(inherited)",
					"$(SDKROOT)/Developer/Library/Frameworks",
					"$(DEVELOPER_FRAMEWORKS_DIR)",
				);
				GCC_PRECOMPILE_PREFIX_HEADER = YES;
				GCC_PREFIX_HEADER = "PokemonTypeEffectiveness/PokemonTypeEffectiveness-Prefix.pch";
				GCC_SYMBOLS_PRIVATE_EXTERN = NO;
				HEADER_SEARCH_PATHS = "${inherited}/**";
				INFOPLIST_FILE = "PokemonTypeEffectiveness/PokemonTypeEffectiveness-Info.plist";
				IPHONEOS_DEPLOYMENT_TARGET = 6.1;
				PRODUCT_NAME = "Quick Attack";
				PROVISIONING_PROFILE = "";
				USER_HEADER_SEARCH_PATHS = "\"${PROJECT_DIR}/Pods\"/**";
				VALID_ARCHS = "armv7 armv7s";
				WRAPPER_EXTENSION = app;
			};
			name = Debug;
		};
		020C512F18131D20005CA791 /* Release */ = {
			isa = XCBuildConfiguration;
			baseConfigurationReference = 22E03E531D714C5285B1606F /* Pods.xcconfig */;
			buildSettings = {
				ASSETCATALOG_COMPILER_APPICON_NAME = AppIcon;
				ASSETCATALOG_COMPILER_LAUNCHIMAGE_NAME = LaunchImage;
				CODE_SIGN_ENTITLEMENTS = "PokemonTypeEffectiveness/Quick Attack.entitlements";
				CODE_SIGN_IDENTITY = "iPhone Developer";
				"CODE_SIGN_IDENTITY[sdk=iphoneos*]" = "iPhone Developer";
				FRAMEWORK_SEARCH_PATHS = (
					"$(inherited)",
					"$(SDKROOT)/Developer/Library/Frameworks",
					"$(DEVELOPER_FRAMEWORKS_DIR)",
				);
				GCC_PRECOMPILE_PREFIX_HEADER = YES;
				GCC_PREFIX_HEADER = "PokemonTypeEffectiveness/PokemonTypeEffectiveness-Prefix.pch";
				GCC_SYMBOLS_PRIVATE_EXTERN = NO;
				HEADER_SEARCH_PATHS = "${inherited}/**";
				INFOPLIST_FILE = "PokemonTypeEffectiveness/PokemonTypeEffectiveness-Info.plist";
				IPHONEOS_DEPLOYMENT_TARGET = 6.1;
				PRODUCT_NAME = "Quick Attack";
				PROVISIONING_PROFILE = "";
				USER_HEADER_SEARCH_PATHS = "\"${PROJECT_DIR}/Pods\"/**";
				VALID_ARCHS = "armv7 armv7s";
				WRAPPER_EXTENSION = app;
			};
			name = Release;
		};
		020C513118131D20005CA791 /* Debug */ = {
			isa = XCBuildConfiguration;
			buildSettings = {
				ARCHS = "$(ARCHS_STANDARD)";
				BUNDLE_LOADER = "$(BUILT_PRODUCTS_DIR)/${PRODUCT_NAME}.app/${PRODUCT_NAME}";
				FRAMEWORK_SEARCH_PATHS = (
					"$(SDKROOT)/Developer/Library/Frameworks",
					"$(inherited)",
					"$(DEVELOPER_FRAMEWORKS_DIR)",
				);
				GCC_PRECOMPILE_PREFIX_HEADER = YES;
				GCC_PREFIX_HEADER = "PokemonTypeEffectiveness/PokemonTypeEffectiveness-Prefix.pch";
				GCC_PREPROCESSOR_DEFINITIONS = (
					"DEBUG=1",
					"$(inherited)",
				);
				HEADER_SEARCH_PATHS = "$(inherited)/**";
				INFOPLIST_FILE = "PokemonTypeEffectivenessTests/PokemonTypeEffectivenessTests-Info.plist";
				PRODUCT_NAME = "Quick Attack";
				TEST_HOST = "$(BUNDLE_LOADER)";
				USER_HEADER_SEARCH_PATHS = "\"${PROJECT_DIR}/Pods\"/**";
				VALID_ARCHS = "armv7 armv7s";
				WRAPPER_EXTENSION = xctest;
			};
			name = Debug;
		};
		020C513218131D20005CA791 /* Release */ = {
			isa = XCBuildConfiguration;
			buildSettings = {
				ARCHS = "$(ARCHS_STANDARD)";
				BUNDLE_LOADER = "$(BUILT_PRODUCTS_DIR)/${PRODUCT_NAME}.app/${PRODUCT_NAME}";
				FRAMEWORK_SEARCH_PATHS = (
					"$(SDKROOT)/Developer/Library/Frameworks",
					"$(inherited)",
					"$(DEVELOPER_FRAMEWORKS_DIR)",
				);
				GCC_PRECOMPILE_PREFIX_HEADER = YES;
				GCC_PREFIX_HEADER = "PokemonTypeEffectiveness/PokemonTypeEffectiveness-Prefix.pch";
				HEADER_SEARCH_PATHS = "$(inherited)/**";
				INFOPLIST_FILE = "PokemonTypeEffectivenessTests/PokemonTypeEffectivenessTests-Info.plist";
				PRODUCT_NAME = "Quick Attack";
				TEST_HOST = "$(BUNDLE_LOADER)";
				USER_HEADER_SEARCH_PATHS = "\"${PROJECT_DIR}/Pods\"/**";
				VALID_ARCHS = "armv7 armv7s";
				WRAPPER_EXTENSION = xctest;
			};
			name = Release;
		};
/* End XCBuildConfiguration section */

/* Begin XCConfigurationList section */
		020C50FC18131D20005CA791 /* Build configuration list for PBXProject "PokemonTypeEffectiveness" */ = {
			isa = XCConfigurationList;
			buildConfigurations = (
				020C512B18131D20005CA791 /* Debug */,
				020C512C18131D20005CA791 /* Release */,
			);
			defaultConfigurationIsVisible = 0;
			defaultConfigurationName = Release;
		};
		020C512D18131D20005CA791 /* Build configuration list for PBXNativeTarget "PokemonTypeEffectiveness" */ = {
			isa = XCConfigurationList;
			buildConfigurations = (
				020C512E18131D20005CA791 /* Debug */,
				020C512F18131D20005CA791 /* Release */,
			);
			defaultConfigurationIsVisible = 0;
			defaultConfigurationName = Release;
		};
		020C513018131D20005CA791 /* Build configuration list for PBXNativeTarget "PokemonTypeEffectivenessTests" */ = {
			isa = XCConfigurationList;
			buildConfigurations = (
				020C513118131D20005CA791 /* Debug */,
				020C513218131D20005CA791 /* Release */,
			);
			defaultConfigurationIsVisible = 0;
			defaultConfigurationName = Release;
		};
/* End XCConfigurationList section */
	};
	rootObject = 020C50F918131D20005CA791 /* Project object */;
}
