// !$*UTF8*$!
{
	archiveVersion = 1;
	classes = {
	};
	objectVersion = 46;
	objects = {

/* Begin PBXBuildFile section */
		020C510518131D20005CA791 /* Foundation.framework in Frameworks */ = {isa = PBXBuildFile; fileRef = 020C510418131D20005CA791 /* Foundation.framework */; };
		020C510718131D20005CA791 /* CoreGraphics.framework in Frameworks */ = {isa = PBXBuildFile; fileRef = 020C510618131D20005CA791 /* CoreGraphics.framework */; };
		020C510918131D20005CA791 /* UIKit.framework in Frameworks */ = {isa = PBXBuildFile; fileRef = 020C510818131D20005CA791 /* UIKit.framework */; };
		020C510F18131D20005CA791 /* InfoPlist.strings in Resources */ = {isa = PBXBuildFile; fileRef = 020C510D18131D20005CA791 /* InfoPlist.strings */; };
		020C511118131D20005CA791 /* main.m in Sources */ = {isa = PBXBuildFile; fileRef = 020C511018131D20005CA791 /* main.m */; };
		020C511518131D20005CA791 /* AppDelegate.m in Sources */ = {isa = PBXBuildFile; fileRef = 020C511418131D20005CA791 /* AppDelegate.m */; };
		020C511718131D20005CA791 /* Images.xcassets in Resources */ = {isa = PBXBuildFile; fileRef = 020C511618131D20005CA791 /* Images.xcassets */; };
		020C511E18131D20005CA791 /* XCTest.framework in Frameworks */ = {isa = PBXBuildFile; fileRef = 020C511D18131D20005CA791 /* XCTest.framework */; };
		020C511F18131D20005CA791 /* Foundation.framework in Frameworks */ = {isa = PBXBuildFile; fileRef = 020C510418131D20005CA791 /* Foundation.framework */; };
		020C512018131D20005CA791 /* UIKit.framework in Frameworks */ = {isa = PBXBuildFile; fileRef = 020C510818131D20005CA791 /* UIKit.framework */; };
		020C512818131D20005CA791 /* InfoPlist.strings in Resources */ = {isa = PBXBuildFile; fileRef = 020C512618131D20005CA791 /* InfoPlist.strings */; };
		020C513418131E05005CA791 /* Storyboard.storyboard in Resources */ = {isa = PBXBuildFile; fileRef = 020C513318131E05005CA791 /* Storyboard.storyboard */; };
		0255078918140B5E003B4CD6 /* InfoCell.xib in Resources */ = {isa = PBXBuildFile; fileRef = 0255078818140B5E003B4CD6 /* InfoCell.xib */; };
		0255078B18140D41003B4CD6 /* StoreKit.framework in Frameworks */ = {isa = PBXBuildFile; fileRef = 0255078A18140D41003B4CD6 /* StoreKit.framework */; };
		0275E4561814BF5300D8F421 /* pokemon.json in Resources */ = {isa = PBXBuildFile; fileRef = 0275E4551814BF5300D8F421 /* pokemon.json */; };
		545900264B79DF065C45BB72 /* PokemonListViewController.m in Sources */ = {isa = PBXBuildFile; fileRef = 545902F2BF61369A2D8C2AA5 /* PokemonListViewController.m */; };
		5459004409A1B7C987BBC6BC /* TypeEffectivenessCell.m in Sources */ = {isa = PBXBuildFile; fileRef = 545904D075E137D91F0CAA30 /* TypeEffectivenessCell.m */; };
		545900B593AB839C757CB4C9 /* PokemonTypeViewController.m in Sources */ = {isa = PBXBuildFile; fileRef = 545902296C0DFBB5BE0F9F25 /* PokemonTypeViewController.m */; };
		54590127D53C5594DB10E416 /* TypeEffectivenessCell.xib in Resources */ = {isa = PBXBuildFile; fileRef = 54590FE8FA388C87F68CBC1B /* TypeEffectivenessCell.xib */; };
		545901511E0E6BD35C828D97 /* TipViewController.m in Sources */ = {isa = PBXBuildFile; fileRef = 54590F964A9E1C7FE5FA5EAA /* TipViewController.m */; };
		5459032277C9DAEAA5FC2834 /* SKProductStore.m in Sources */ = {isa = PBXBuildFile; fileRef = 545901EA628FBB831E432178 /* SKProductStore.m */; };
		545905F84B35A64BA4BE53C2 /* TypeCalculator.m in Sources */ = {isa = PBXBuildFile; fileRef = 54590B9AF4FDC44878BFBD98 /* TypeCalculator.m */; };
		545905F9BBD5C9D01A913F92 /* InfoCellTests.m in Sources */ = {isa = PBXBuildFile; fileRef = 545904A9AC326189E2C3D8A7 /* InfoCellTests.m */; };
		54590959BAAE8495B14E1232 /* PokemonStore.m in Sources */ = {isa = PBXBuildFile; fileRef = 54590A96C2BBBF828BED72F5 /* PokemonStore.m */; };
		545909E8A028C8D9258ADC30 /* PokemonStoreTests.m in Sources */ = {isa = PBXBuildFile; fileRef = 5459088463E7F731AF419B5D /* PokemonStoreTests.m */; };
		54590D71F74A3F2B1F6342CB /* TypeCalculatorTests.m in Sources */ = {isa = PBXBuildFile; fileRef = 54590264EB6F876127D839D6 /* TypeCalculatorTests.m */; };
		54590F22BE6AFC2C3673A4DF /* InfoCell.m in Sources */ = {isa = PBXBuildFile; fileRef = 54590C00BFF291752FDD19FC /* InfoCell.m */; };
		54590F23A68B162ED2C293E9 /* PokemonTypeViewControllerTests.m in Sources */ = {isa = PBXBuildFile; fileRef = 545903E07571B49DF6D1E955 /* PokemonTypeViewControllerTests.m */; };
		BAFD99D7FFF44B5B88DE24E0 /* libPods.a in Frameworks */ = {isa = PBXBuildFile; fileRef = 9DFA38C800B34C7798047A63 /* libPods.a */; };
/* End PBXBuildFile section */

/* Begin PBXContainerItemProxy section */
		020C512118131D20005CA791 /* PBXContainerItemProxy */ = {
			isa = PBXContainerItemProxy;
			containerPortal = 020C50F918131D20005CA791 /* Project object */;
			proxyType = 1;
			remoteGlobalIDString = 020C510018131D20005CA791;
			remoteInfo = PokemonTypeEffectiveness;
		};
/* End PBXContainerItemProxy section */

/* Begin PBXFileReference section */
		020C510118131D20005CA791 /* Poke Types.app */ = {isa = PBXFileReference; explicitFileType = wrapper.application; includeInIndex = 0; path = "Poke Types.app"; sourceTree = BUILT_PRODUCTS_DIR; };
		020C510418131D20005CA791 /* Foundation.framework */ = {isa = PBXFileReference; lastKnownFileType = wrapper.framework; name = Foundation.framework; path = System/Library/Frameworks/Foundation.framework; sourceTree = SDKROOT; };
		020C510618131D20005CA791 /* CoreGraphics.framework */ = {isa = PBXFileReference; lastKnownFileType = wrapper.framework; name = CoreGraphics.framework; path = System/Library/Frameworks/CoreGraphics.framework; sourceTree = SDKROOT; };
		020C510818131D20005CA791 /* UIKit.framework */ = {isa = PBXFileReference; lastKnownFileType = wrapper.framework; name = UIKit.framework; path = System/Library/Frameworks/UIKit.framework; sourceTree = SDKROOT; };
		020C510C18131D20005CA791 /* PokemonTypeEffectiveness-Info.plist */ = {isa = PBXFileReference; lastKnownFileType = text.plist.xml; path = "PokemonTypeEffectiveness-Info.plist"; sourceTree = "<group>"; };
		020C510E18131D20005CA791 /* en */ = {isa = PBXFileReference; lastKnownFileType = text.plist.strings; name = en; path = en.lproj/InfoPlist.strings; sourceTree = "<group>"; };
		020C511018131D20005CA791 /* main.m */ = {isa = PBXFileReference; lastKnownFileType = sourcecode.c.objc; path = main.m; sourceTree = "<group>"; };
		020C511218131D20005CA791 /* PokemonTypeEffectiveness-Prefix.pch */ = {isa = PBXFileReference; lastKnownFileType = sourcecode.c.h; path = "PokemonTypeEffectiveness-Prefix.pch"; sourceTree = "<group>"; };
		020C511318131D20005CA791 /* AppDelegate.h */ = {isa = PBXFileReference; lastKnownFileType = sourcecode.c.h; path = AppDelegate.h; sourceTree = "<group>"; };
		020C511418131D20005CA791 /* AppDelegate.m */ = {isa = PBXFileReference; lastKnownFileType = sourcecode.c.objc; path = AppDelegate.m; sourceTree = "<group>"; };
		020C511618131D20005CA791 /* Images.xcassets */ = {isa = PBXFileReference; lastKnownFileType = folder.assetcatalog; path = Images.xcassets; sourceTree = "<group>"; };
		020C511C18131D20005CA791 /* PokemonTypeEffectivenessTests.xctest */ = {isa = PBXFileReference; explicitFileType = wrapper.cfbundle; includeInIndex = 0; path = PokemonTypeEffectivenessTests.xctest; sourceTree = BUILT_PRODUCTS_DIR; };
		020C511D18131D20005CA791 /* XCTest.framework */ = {isa = PBXFileReference; lastKnownFileType = wrapper.framework; name = XCTest.framework; path = Library/Frameworks/XCTest.framework; sourceTree = DEVELOPER_DIR; };
		020C512518131D20005CA791 /* PokemonTypeEffectivenessTests-Info.plist */ = {isa = PBXFileReference; lastKnownFileType = text.plist.xml; path = "PokemonTypeEffectivenessTests-Info.plist"; sourceTree = "<group>"; };
		020C512718131D20005CA791 /* en */ = {isa = PBXFileReference; lastKnownFileType = text.plist.strings; name = en; path = en.lproj/InfoPlist.strings; sourceTree = "<group>"; };
		020C513318131E05005CA791 /* Storyboard.storyboard */ = {isa = PBXFileReference; fileEncoding = 4; lastKnownFileType = file.storyboard; path = Storyboard.storyboard; sourceTree = "<group>"; };
		0255078818140B5E003B4CD6 /* InfoCell.xib */ = {isa = PBXFileReference; fileEncoding = 4; lastKnownFileType = file.xib; path = InfoCell.xib; sourceTree = "<group>"; };
		0255078A18140D41003B4CD6 /* StoreKit.framework */ = {isa = PBXFileReference; lastKnownFileType = wrapper.framework; name = StoreKit.framework; path = System/Library/Frameworks/StoreKit.framework; sourceTree = SDKROOT; };
		0275E4551814BF5300D8F421 /* pokemon.json */ = {isa = PBXFileReference; fileEncoding = 4; lastKnownFileType = text.json; path = pokemon.json; sourceTree = "<group>"; };
		22E03E531D714C5285B1606F /* Pods.xcconfig */ = {isa = PBXFileReference; includeInIndex = 1; lastKnownFileType = text.xcconfig; name = Pods.xcconfig; path = Pods/Pods.xcconfig; sourceTree = SOURCE_ROOT; };
		545901EA628FBB831E432178 /* SKProductStore.m */ = {isa = PBXFileReference; fileEncoding = 4; lastKnownFileType = sourcecode.c.objc; path = SKProductStore.m; sourceTree = "<group>"; };
		545902296C0DFBB5BE0F9F25 /* PokemonTypeViewController.m */ = {isa = PBXFileReference; fileEncoding = 4; lastKnownFileType = sourcecode.c.objc; path = PokemonTypeViewController.m; sourceTree = "<group>"; };
		54590264EB6F876127D839D6 /* TypeCalculatorTests.m */ = {isa = PBXFileReference; fileEncoding = 4; lastKnownFileType = sourcecode.c.objc; path = TypeCalculatorTests.m; sourceTree = "<group>"; };
		5459029D9F65EEFC2FCA827F /* PokemonStoreTests.h */ = {isa = PBXFileReference; fileEncoding = 4; lastKnownFileType = sourcecode.c.h; path = PokemonStoreTests.h; sourceTree = "<group>"; };
		545902F2BF61369A2D8C2AA5 /* PokemonListViewController.m */ = {isa = PBXFileReference; fileEncoding = 4; lastKnownFileType = sourcecode.c.objc; path = PokemonListViewController.m; sourceTree = "<group>"; };
		545903319773F2788A5B9C33 /* SKProductStore.h */ = {isa = PBXFileReference; fileEncoding = 4; lastKnownFileType = sourcecode.c.h; path = SKProductStore.h; sourceTree = "<group>"; };
		545903E07571B49DF6D1E955 /* PokemonTypeViewControllerTests.m */ = {isa = PBXFileReference; fileEncoding = 4; lastKnownFileType = sourcecode.c.objc; path = PokemonTypeViewControllerTests.m; sourceTree = "<group>"; };
		545904A9AC326189E2C3D8A7 /* InfoCellTests.m */ = {isa = PBXFileReference; fileEncoding = 4; lastKnownFileType = sourcecode.c.objc; path = InfoCellTests.m; sourceTree = "<group>"; };
		545904D075E137D91F0CAA30 /* TypeEffectivenessCell.m */ = {isa = PBXFileReference; fileEncoding = 4; lastKnownFileType = sourcecode.c.objc; path = TypeEffectivenessCell.m; sourceTree = "<group>"; };
		545906A812AA6DEB7859BDC5 /* TypeCalculatorTests.h */ = {isa = PBXFileReference; fileEncoding = 4; lastKnownFileType = sourcecode.c.h; path = TypeCalculatorTests.h; sourceTree = "<group>"; };
		5459088463E7F731AF419B5D /* PokemonStoreTests.m */ = {isa = PBXFileReference; fileEncoding = 4; lastKnownFileType = sourcecode.c.objc; path = PokemonStoreTests.m; sourceTree = "<group>"; };
		545908EAFA9E75CCF3EB5D8E /* PokemonTypeViewController.h */ = {isa = PBXFileReference; fileEncoding = 4; lastKnownFileType = sourcecode.c.h; path = PokemonTypeViewController.h; sourceTree = "<group>"; };
		545909F752E01FF98C207B66 /* TipViewController.h */ = {isa = PBXFileReference; fileEncoding = 4; lastKnownFileType = sourcecode.c.h; path = TipViewController.h; sourceTree = "<group>"; };
		54590A53973E09972A50A012 /* PokemonTypeViewControllerTests.h */ = {isa = PBXFileReference; fileEncoding = 4; lastKnownFileType = sourcecode.c.h; path = PokemonTypeViewControllerTests.h; sourceTree = "<group>"; };
		54590A5E172D9553A5CA9542 /* TypeEffectivenessCell.h */ = {isa = PBXFileReference; fileEncoding = 4; lastKnownFileType = sourcecode.c.h; path = TypeEffectivenessCell.h; sourceTree = "<group>"; };
		54590A96C2BBBF828BED72F5 /* PokemonStore.m */ = {isa = PBXFileReference; fileEncoding = 4; lastKnownFileType = sourcecode.c.objc; path = PokemonStore.m; sourceTree = "<group>"; };
		54590B9AF4FDC44878BFBD98 /* TypeCalculator.m */ = {isa = PBXFileReference; fileEncoding = 4; lastKnownFileType = sourcecode.c.objc; path = TypeCalculator.m; sourceTree = "<group>"; };
		54590C00BFF291752FDD19FC /* InfoCell.m */ = {isa = PBXFileReference; fileEncoding = 4; lastKnownFileType = sourcecode.c.objc; path = InfoCell.m; sourceTree = "<group>"; };
		54590D41B5541C828AAF6EDF /* TypeCalculator.h */ = {isa = PBXFileReference; fileEncoding = 4; lastKnownFileType = sourcecode.c.h; path = TypeCalculator.h; sourceTree = "<group>"; };
		54590EA2B8410E6C8EBD3FC0 /* PokemonListViewController.h */ = {isa = PBXFileReference; fileEncoding = 4; lastKnownFileType = sourcecode.c.h; path = PokemonListViewController.h; sourceTree = "<group>"; };
		54590F5D540A6021BF4C0537 /* InfoCellTests.h */ = {isa = PBXFileReference; fileEncoding = 4; lastKnownFileType = sourcecode.c.h; path = InfoCellTests.h; sourceTree = "<group>"; };
		54590F955473F15136E94489 /* InfoCell.h */ = {isa = PBXFileReference; fileEncoding = 4; lastKnownFileType = sourcecode.c.h; path = InfoCell.h; sourceTree = "<group>"; };
		54590F964A9E1C7FE5FA5EAA /* TipViewController.m */ = {isa = PBXFileReference; fileEncoding = 4; lastKnownFileType = sourcecode.c.objc; path = TipViewController.m; sourceTree = "<group>"; };
		54590FB10C7E24D845C777F3 /* PokemonStore.h */ = {isa = PBXFileReference; fileEncoding = 4; lastKnownFileType = sourcecode.c.h; path = PokemonStore.h; sourceTree = "<group>"; };
		54590FE8FA388C87F68CBC1B /* TypeEffectivenessCell.xib */ = {isa = PBXFileReference; lastKnownFileType = file.xib; path = TypeEffectivenessCell.xib; sourceTree = "<group>"; };
		9DFA38C800B34C7798047A63 /* libPods.a */ = {isa = PBXFileReference; explicitFileType = archive.ar; includeInIndex = 0; path = libPods.a; sourceTree = BUILT_PRODUCTS_DIR; };
/* End PBXFileReference section */

/* Begin PBXFrameworksBuildPhase section */
		020C50FE18131D20005CA791 /* Frameworks */ = {
			isa = PBXFrameworksBuildPhase;
			buildActionMask = 2147483647;
			files = (
				BAFD99D7FFF44B5B88DE24E0 /* libPods.a in Frameworks */,
				020C510718131D20005CA791 /* CoreGraphics.framework in Frameworks */,
				020C510918131D20005CA791 /* UIKit.framework in Frameworks */,
				0255078B18140D41003B4CD6 /* StoreKit.framework in Frameworks */,
				020C510518131D20005CA791 /* Foundation.framework in Frameworks */,
			);
			runOnlyForDeploymentPostprocessing = 0;
		};
		020C511918131D20005CA791 /* Frameworks */ = {
			isa = PBXFrameworksBuildPhase;
			buildActionMask = 2147483647;
			files = (
				020C511E18131D20005CA791 /* XCTest.framework in Frameworks */,
				020C512018131D20005CA791 /* UIKit.framework in Frameworks */,
				020C511F18131D20005CA791 /* Foundation.framework in Frameworks */,
			);
			runOnlyForDeploymentPostprocessing = 0;
		};
/* End PBXFrameworksBuildPhase section */

/* Begin PBXGroup section */
		020C50F818131D20005CA791 = {
			isa = PBXGroup;
			children = (
				020C510A18131D20005CA791 /* PokemonTypeEffectiveness */,
				020C512318131D20005CA791 /* PokemonTypeEffectivenessTests */,
				020C510318131D20005CA791 /* Frameworks */,
				020C510218131D20005CA791 /* Products */,
				22E03E531D714C5285B1606F /* Pods.xcconfig */,
			);
			sourceTree = "<group>";
		};
		020C510218131D20005CA791 /* Products */ = {
			isa = PBXGroup;
			children = (
				020C510118131D20005CA791 /* Poke Types.app */,
				020C511C18131D20005CA791 /* PokemonTypeEffectivenessTests.xctest */,
			);
			name = Products;
			sourceTree = "<group>";
		};
		020C510318131D20005CA791 /* Frameworks */ = {
			isa = PBXGroup;
			children = (
				0255078A18140D41003B4CD6 /* StoreKit.framework */,
				020C510418131D20005CA791 /* Foundation.framework */,
				020C510618131D20005CA791 /* CoreGraphics.framework */,
				020C510818131D20005CA791 /* UIKit.framework */,
				020C511D18131D20005CA791 /* XCTest.framework */,
				9DFA38C800B34C7798047A63 /* libPods.a */,
			);
			name = Frameworks;
			sourceTree = "<group>";
		};
		020C510A18131D20005CA791 /* PokemonTypeEffectiveness */ = {
			isa = PBXGroup;
			children = (
				0275E4551814BF5300D8F421 /* pokemon.json */,
				020C511318131D20005CA791 /* AppDelegate.h */,
				020C511418131D20005CA791 /* AppDelegate.m */,
				020C511618131D20005CA791 /* Images.xcassets */,
				020C510B18131D20005CA791 /* Supporting Files */,
				020C513318131E05005CA791 /* Storyboard.storyboard */,
				54590FFA08E467EE1D11861E /* Store */,
				54590F9D1A70F8857E530345 /* Views */,
			);
			path = PokemonTypeEffectiveness;
			sourceTree = "<group>";
		};
		020C510B18131D20005CA791 /* Supporting Files */ = {
			isa = PBXGroup;
			children = (
				020C510C18131D20005CA791 /* PokemonTypeEffectiveness-Info.plist */,
				020C510D18131D20005CA791 /* InfoPlist.strings */,
				020C511018131D20005CA791 /* main.m */,
				020C511218131D20005CA791 /* PokemonTypeEffectiveness-Prefix.pch */,
			);
			name = "Supporting Files";
			sourceTree = "<group>";
		};
		020C512318131D20005CA791 /* PokemonTypeEffectivenessTests */ = {
			isa = PBXGroup;
			children = (
				020C512418131D20005CA791 /* Supporting Files */,
				545902D015B0AC6782A41C2D /* Store */,
				5459095EAA92658497C38D03 /* Views */,
			);
			path = PokemonTypeEffectivenessTests;
			sourceTree = "<group>";
		};
		020C512418131D20005CA791 /* Supporting Files */ = {
			isa = PBXGroup;
			children = (
				020C512518131D20005CA791 /* PokemonTypeEffectivenessTests-Info.plist */,
				020C512618131D20005CA791 /* InfoPlist.strings */,
			);
			name = "Supporting Files";
			sourceTree = "<group>";
		};
		545900F13AD652EF50CA913E /* Type */ = {
			isa = PBXGroup;
			children = (
				545908EAFA9E75CCF3EB5D8E /* PokemonTypeViewController.h */,
				545902296C0DFBB5BE0F9F25 /* PokemonTypeViewController.m */,
				54590C00BFF291752FDD19FC /* InfoCell.m */,
				54590F955473F15136E94489 /* InfoCell.h */,
				0255078818140B5E003B4CD6 /* InfoCell.xib */,
				545904D075E137D91F0CAA30 /* TypeEffectivenessCell.m */,
				54590A5E172D9553A5CA9542 /* TypeEffectivenessCell.h */,
				54590FE8FA388C87F68CBC1B /* TypeEffectivenessCell.xib */,
			);
			path = Type;
			sourceTree = "<group>";
		};
		545902D015B0AC6782A41C2D /* Store */ = {
			isa = PBXGroup;
			children = (
				5459088463E7F731AF419B5D /* PokemonStoreTests.m */,
				5459029D9F65EEFC2FCA827F /* PokemonStoreTests.h */,
				54590264EB6F876127D839D6 /* TypeCalculatorTests.m */,
				545906A812AA6DEB7859BDC5 /* TypeCalculatorTests.h */,
			);
			path = Store;
			sourceTree = "<group>";
		};
		545903C3127C92357AA5D7E2 /* Type */ = {
			isa = PBXGroup;
			children = (
				545904A9AC326189E2C3D8A7 /* InfoCellTests.m */,
				54590F5D540A6021BF4C0537 /* InfoCellTests.h */,
				545903E07571B49DF6D1E955 /* PokemonTypeViewControllerTests.m */,
				54590A53973E09972A50A012 /* PokemonTypeViewControllerTests.h */,
			);
			path = Type;
			sourceTree = "<group>";
		};
		5459095EAA92658497C38D03 /* Views */ = {
			isa = PBXGroup;
			children = (
				545903C3127C92357AA5D7E2 /* Type */,
			);
			path = Views;
			sourceTree = "<group>";
		};
		54590F9D1A70F8857E530345 /* Views */ = {
			isa = PBXGroup;
			children = (
				545902F2BF61369A2D8C2AA5 /* PokemonListViewController.m */,
				54590EA2B8410E6C8EBD3FC0 /* PokemonListViewController.h */,
				545900F13AD652EF50CA913E /* Type */,
				54590F964A9E1C7FE5FA5EAA /* TipViewController.m */,
				545909F752E01FF98C207B66 /* TipViewController.h */,
			);
			path = Views;
			sourceTree = "<group>";
		};
		54590FFA08E467EE1D11861E /* Store */ = {
			isa = PBXGroup;
			children = (
				54590A96C2BBBF828BED72F5 /* PokemonStore.m */,
				54590FB10C7E24D845C777F3 /* PokemonStore.h */,
				54590B9AF4FDC44878BFBD98 /* TypeCalculator.m */,
				54590D41B5541C828AAF6EDF /* TypeCalculator.h */,
				545903319773F2788A5B9C33 /* SKProductStore.h */,
				545901EA628FBB831E432178 /* SKProductStore.m */,
			);
			path = Store;
			sourceTree = "<group>";
		};
/* End PBXGroup section */

/* Begin PBXNativeTarget section */
		020C510018131D20005CA791 /* PokemonTypeEffectiveness */ = {
			isa = PBXNativeTarget;
			buildConfigurationList = 020C512D18131D20005CA791 /* Build configuration list for PBXNativeTarget "PokemonTypeEffectiveness" */;
			buildPhases = (
				F79EA5D050B848FD95790954 /* Check Pods Manifest.lock */,
				020C50FD18131D20005CA791 /* Sources */,
				020C50FE18131D20005CA791 /* Frameworks */,
				020C50FF18131D20005CA791 /* Resources */,
				5B3C599EB336469781E78145 /* Copy Pods Resources */,
			);
			buildRules = (
			);
			dependencies = (
			);
			name = PokemonTypeEffectiveness;
			productName = PokemonTypeEffectiveness;
			productReference = 020C510118131D20005CA791 /* Poke Types.app */;
			productType = "com.apple.product-type.application";
		};
		020C511B18131D20005CA791 /* PokemonTypeEffectivenessTests */ = {
			isa = PBXNativeTarget;
			buildConfigurationList = 020C513018131D20005CA791 /* Build configuration list for PBXNativeTarget "PokemonTypeEffectivenessTests" */;
			buildPhases = (
				020C511818131D20005CA791 /* Sources */,
				020C511918131D20005CA791 /* Frameworks */,
				020C511A18131D20005CA791 /* Resources */,
			);
			buildRules = (
			);
			dependencies = (
				020C512218131D20005CA791 /* PBXTargetDependency */,
			);
			name = PokemonTypeEffectivenessTests;
			productName = PokemonTypeEffectivenessTests;
			productReference = 020C511C18131D20005CA791 /* PokemonTypeEffectivenessTests.xctest */;
			productType = "com.apple.product-type.bundle.unit-test";
		};
/* End PBXNativeTarget section */

/* Begin PBXProject section */
		020C50F918131D20005CA791 /* Project object */ = {
			isa = PBXProject;
			attributes = {
				LastUpgradeCheck = 0500;
				ORGANIZATIONNAME = "Stefan Kendall";
				TargetAttributes = {
					020C510018131D20005CA791 = {
						DevelopmentTeam = 255V99ZU6N;
						SystemCapabilities = {
							com.apple.InAppPurchase = {
								enabled = 1;
							};
						};
					};
					020C511B18131D20005CA791 = {
						TestTargetID = 020C510018131D20005CA791 /* PokemonTypeEffectiveness */;
					};
				};
			};
			buildConfigurationList = 020C50FC18131D20005CA791 /* Build configuration list for PBXProject "PokemonTypeEffectiveness" */;
			compatibilityVersion = "Xcode 3.2";
			developmentRegion = English;
			hasScannedForEncodings = 0;
			knownRegions = (
				en,
			);
			mainGroup = 020C50F818131D20005CA791;
			productRefGroup = 020C510218131D20005CA791 /* Products */;
			projectDirPath = "";
			projectRoot = "";
			targets = (
				020C510018131D20005CA791 /* PokemonTypeEffectiveness */,
				020C511B18131D20005CA791 /* PokemonTypeEffectivenessTests */,
			);
		};
/* End PBXProject section */

/* Begin PBXResourcesBuildPhase section */
		020C50FF18131D20005CA791 /* Resources */ = {
			isa = PBXResourcesBuildPhase;
			buildActionMask = 2147483647;
			files = (
				020C510F18131D20005CA791 /* InfoPlist.strings in Resources */,
				0275E4561814BF5300D8F421 /* pokemon.json in Resources */,
				0255078918140B5E003B4CD6 /* InfoCell.xib in Resources */,
				020C511718131D20005CA791 /* Images.xcassets in Resources */,
				020C513418131E05005CA791 /* Storyboard.storyboard in Resources */,
				54590127D53C5594DB10E416 /* TypeEffectivenessCell.xib in Resources */,
			);
			runOnlyForDeploymentPostprocessing = 0;
		};
		020C511A18131D20005CA791 /* Resources */ = {
			isa = PBXResourcesBuildPhase;
			buildActionMask = 2147483647;
			files = (
				020C512818131D20005CA791 /* InfoPlist.strings in Resources */,
			);
			runOnlyForDeploymentPostprocessing = 0;
		};
/* End PBXResourcesBuildPhase section */

/* Begin PBXShellScriptBuildPhase section */
		5B3C599EB336469781E78145 /* Copy Pods Resources */ = {
			isa = PBXShellScriptBuildPhase;
			buildActionMask = 2147483647;
			files = (
			);
			inputPaths = (
			);
			name = "Copy Pods Resources";
			outputPaths = (
			);
			runOnlyForDeploymentPostprocessing = 0;
			shellPath = /bin/sh;
			shellScript = "\"${SRCROOT}/Pods/Pods-resources.sh\"\n";
		};
		F79EA5D050B848FD95790954 /* Check Pods Manifest.lock */ = {
			isa = PBXShellScriptBuildPhase;
			buildActionMask = 2147483647;
			files = (
			);
			inputPaths = (
			);
			name = "Check Pods Manifest.lock";
			outputPaths = (
			);
			runOnlyForDeploymentPostprocessing = 0;
			shellPath = /bin/sh;
			shellScript = "diff \"${PODS_ROOT}/../Podfile.lock\" \"${PODS_ROOT}/Manifest.lock\" > /dev/null\nif [[ $? != 0 ]] ; then\n    cat << EOM\nerror: The sandbox is not in sync with the Podfile.lock. Run 'pod install' or update your CocoaPods installation.\nEOM\n    exit 1\nfi\n";
		};
/* End PBXShellScriptBuildPhase section */

/* Begin PBXSourcesBuildPhase section */
		020C50FD18131D20005CA791 /* Sources */ = {
			isa = PBXSourcesBuildPhase;
			buildActionMask = 2147483647;
			files = (
				020C511518131D20005CA791 /* AppDelegate.m in Sources */,
				020C511118131D20005CA791 /* main.m in Sources */,
				54590959BAAE8495B14E1232 /* PokemonStore.m in Sources */,
				545900264B79DF065C45BB72 /* PokemonListViewController.m in Sources */,
				545900B593AB839C757CB4C9 /* PokemonTypeViewController.m in Sources */,
				54590F22BE6AFC2C3673A4DF /* InfoCell.m in Sources */,
				545905F84B35A64BA4BE53C2 /* TypeCalculator.m in Sources */,
				5459004409A1B7C987BBC6BC /* TypeEffectivenessCell.m in Sources */,
				545901511E0E6BD35C828D97 /* TipViewController.m in Sources */,
				5459032277C9DAEAA5FC2834 /* SKProductStore.m in Sources */,
			);
			runOnlyForDeploymentPostprocessing = 0;
		};
		020C511818131D20005CA791 /* Sources */ = {
			isa = PBXSourcesBuildPhase;
			buildActionMask = 2147483647;
			files = (
				545909E8A028C8D9258ADC30 /* PokemonStoreTests.m in Sources */,
				545905F9BBD5C9D01A913F92 /* InfoCellTests.m in Sources */,
				54590D71F74A3F2B1F6342CB /* TypeCalculatorTests.m in Sources */,
				54590F23A68B162ED2C293E9 /* PokemonTypeViewControllerTests.m in Sources */,
			);
			runOnlyForDeploymentPostprocessing = 0;
		};
/* End PBXSourcesBuildPhase section */

/* Begin PBXTargetDependency section */
		020C512218131D20005CA791 /* PBXTargetDependency */ = {
			isa = PBXTargetDependency;
			target = 020C510018131D20005CA791 /* PokemonTypeEffectiveness */;
			targetProxy = 020C512118131D20005CA791 /* PBXContainerItemProxy */;
		};
/* End PBXTargetDependency section */

/* Begin PBXVariantGroup section */
		020C510D18131D20005CA791 /* InfoPlist.strings */ = {
			isa = PBXVariantGroup;
			children = (
				020C510E18131D20005CA791 /* en */,
			);
			name = InfoPlist.strings;
			sourceTree = "<group>";
		};
		020C512618131D20005CA791 /* InfoPlist.strings */ = {
			isa = PBXVariantGroup;
			children = (
				020C512718131D20005CA791 /* en */,
			);
			name = InfoPlist.strings;
			sourceTree = "<group>";
		};
/* End PBXVariantGroup section */

/* Begin XCBuildConfiguration section */
		020C512B18131D20005CA791 /* Debug */ = {
			isa = XCBuildConfiguration;
			buildSettings = {
				ALWAYS_SEARCH_USER_PATHS = NO;
				ARCHS = "$(ARCHS_STANDARD_INCLUDING_64_BIT)";
				CLANG_CXX_LANGUAGE_STANDARD = "gnu++0x";
				CLANG_CXX_LIBRARY = "libc++";
				CLANG_ENABLE_MODULES = YES;
				CLANG_ENABLE_OBJC_ARC = YES;
				CLANG_WARN_BOOL_CONVERSION = YES;
				CLANG_WARN_CONSTANT_CONVERSION = YES;
				CLANG_WARN_DIRECT_OBJC_ISA_USAGE = YES_ERROR;
				CLANG_WARN_EMPTY_BODY = YES;
				CLANG_WARN_ENUM_CONVERSION = YES;
				CLANG_WARN_INT_CONVERSION = YES;
				CLANG_WARN_OBJC_ROOT_CLASS = YES_ERROR;
				CLANG_WARN__DUPLICATE_METHOD_MATCH = YES;
				"CODE_SIGN_IDENTITY[sdk=iphoneos*]" = "iPhone Developer";
				COPY_PHASE_STRIP = NO;
				GCC_C_LANGUAGE_STANDARD = gnu99;
				GCC_DYNAMIC_NO_PIC = NO;
				GCC_OPTIMIZATION_LEVEL = 0;
				GCC_PREPROCESSOR_DEFINITIONS = (
					"DEBUG=1",
					"$(inherited)",
				);
				GCC_SYMBOLS_PRIVATE_EXTERN = NO;
				GCC_WARN_64_TO_32_BIT_CONVERSION = YES;
				GCC_WARN_ABOUT_RETURN_TYPE = YES_ERROR;
				GCC_WARN_UNDECLARED_SELECTOR = YES;
				GCC_WARN_UNINITIALIZED_AUTOS = YES;
				GCC_WARN_UNUSED_FUNCTION = YES;
				GCC_WARN_UNUSED_VARIABLE = YES;
				IPHONEOS_DEPLOYMENT_TARGET = 7.0;
				ONLY_ACTIVE_ARCH = NO;
				SDKROOT = iphoneos;
				TARGETED_DEVICE_FAMILY = "1,2";
				USER_HEADER_SEARCH_PATHS = "\"${PROJECT_DIR}/Pods\"";
			};
			name = Debug;
		};
		020C512C18131D20005CA791 /* Release */ = {
			isa = XCBuildConfiguration;
			buildSettings = {
				ALWAYS_SEARCH_USER_PATHS = NO;
				ARCHS = "$(ARCHS_STANDARD_INCLUDING_64_BIT)";
				CLANG_CXX_LANGUAGE_STANDARD = "gnu++0x";
				CLANG_CXX_LIBRARY = "libc++";
				CLANG_ENABLE_MODULES = YES;
				CLANG_ENABLE_OBJC_ARC = YES;
				CLANG_WARN_BOOL_CONVERSION = YES;
				CLANG_WARN_CONSTANT_CONVERSION = YES;
				CLANG_WARN_DIRECT_OBJC_ISA_USAGE = YES_ERROR;
				CLANG_WARN_EMPTY_BODY = YES;
				CLANG_WARN_ENUM_CONVERSION = YES;
				CLANG_WARN_INT_CONVERSION = YES;
				CLANG_WARN_OBJC_ROOT_CLASS = YES_ERROR;
				CLANG_WARN__DUPLICATE_METHOD_MATCH = YES;
				"CODE_SIGN_IDENTITY[sdk=iphoneos*]" = "iPhone Developer";
				COPY_PHASE_STRIP = YES;
				ENABLE_NS_ASSERTIONS = NO;
				GCC_C_LANGUAGE_STANDARD = gnu99;
				GCC_WARN_64_TO_32_BIT_CONVERSION = YES;
				GCC_WARN_ABOUT_RETURN_TYPE = YES_ERROR;
				GCC_WARN_UNDECLARED_SELECTOR = YES;
				GCC_WARN_UNINITIALIZED_AUTOS = YES;
				GCC_WARN_UNUSED_FUNCTION = YES;
				GCC_WARN_UNUSED_VARIABLE = YES;
				IPHONEOS_DEPLOYMENT_TARGET = 7.0;
				ONLY_ACTIVE_ARCH = NO;
				SDKROOT = iphoneos;
				TARGETED_DEVICE_FAMILY = "1,2";
				USER_HEADER_SEARCH_PATHS = "\"${PROJECT_DIR}/Pods\"";
				VALIDATE_PRODUCT = YES;
			};
			name = Release;
		};
		020C512E18131D20005CA791 /* Debug */ = {
			isa = XCBuildConfiguration;
			baseConfigurationReference = 22E03E531D714C5285B1606F /* Pods.xcconfig */;
			buildSettings = {
				ASSETCATALOG_COMPILER_APPICON_NAME = AppIcon;
				ASSETCATALOG_COMPILER_LAUNCHIMAGE_NAME = LaunchImage;
				CODE_SIGN_IDENTITY = "iPhone Developer";
				"CODE_SIGN_IDENTITY[sdk=iphoneos*]" = "iPhone Developer";
				FRAMEWORK_SEARCH_PATHS = (
					"$(inherited)",
					"$(SDKROOT)/Developer/Library/Frameworks",
					"$(DEVELOPER_FRAMEWORKS_DIR)",
				);
				GCC_PRECOMPILE_PREFIX_HEADER = YES;
				GCC_PREFIX_HEADER = "PokemonTypeEffectiveness/PokemonTypeEffectiveness-Prefix.pch";
				GCC_SYMBOLS_PRIVATE_EXTERN = NO;
				HEADER_SEARCH_PATHS = "${inherited}/**";
				INFOPLIST_FILE = "PokemonTypeEffectiveness/PokemonTypeEffectiveness-Info.plist";
				PRODUCT_NAME = "Poke Types";
				PROVISIONING_PROFILE = "";
				USER_HEADER_SEARCH_PATHS = "\"${PROJECT_DIR}/Pods\"/**";
				VALID_ARCHS = "armv7 armv7s";
				WRAPPER_EXTENSION = app;
			};
			name = Debug;
		};
		020C512F18131D20005CA791 /* Release */ = {
			isa = XCBuildConfiguration;
			baseConfigurationReference = 22E03E531D714C5285B1606F /* Pods.xcconfig */;
			buildSettings = {
				ASSETCATALOG_COMPILER_APPICON_NAME = AppIcon;
				ASSETCATALOG_COMPILER_LAUNCHIMAGE_NAME = LaunchImage;
				CODE_SIGN_IDENTITY = "iPhone Developer";
				"CODE_SIGN_IDENTITY[sdk=iphoneos*]" = "iPhone Developer";
				FRAMEWORK_SEARCH_PATHS = (
					"$(inherited)",
					"$(SDKROOT)/Developer/Library/Frameworks",
					"$(DEVELOPER_FRAMEWORKS_DIR)",
				);
				GCC_PRECOMPILE_PREFIX_HEADER = YES;
				GCC_PREFIX_HEADER = "PokemonTypeEffectiveness/PokemonTypeEffectiveness-Prefix.pch";
				GCC_SYMBOLS_PRIVATE_EXTERN = NO;
				HEADER_SEARCH_PATHS = "${inherited}/**";
				INFOPLIST_FILE = "PokemonTypeEffectiveness/PokemonTypeEffectiveness-Info.plist";
				PRODUCT_NAME = "Poke Types";
				PROVISIONING_PROFILE = "";
				USER_HEADER_SEARCH_PATHS = "\"${PROJECT_DIR}/Pods\"/**";
				VALID_ARCHS = "armv7 armv7s";
				WRAPPER_EXTENSION = app;
			};
			name = Release;
		};
		020C513118131D20005CA791 /* Debug */ = {
			isa = XCBuildConfiguration;
			buildSettings = {
				ARCHS = "$(ARCHS_STANDARD)";
				BUNDLE_LOADER = "$(BUILT_PRODUCTS_DIR)/Poke Types.app/Poke Types";
				FRAMEWORK_SEARCH_PATHS = (
					"$(SDKROOT)/Developer/Library/Frameworks",
					"$(inherited)",
					"$(DEVELOPER_FRAMEWORKS_DIR)",
				);
				GCC_PRECOMPILE_PREFIX_HEADER = YES;
				GCC_PREFIX_HEADER = "PokemonTypeEffectiveness/PokemonTypeEffectiveness-Prefix.pch";
				GCC_PREPROCESSOR_DEFINITIONS = (
					"DEBUG=1",
					"$(inherited)",
				);
				HEADER_SEARCH_PATHS = "$(inherited)/**";
				INFOPLIST_FILE = "PokemonTypeEffectivenessTests/PokemonTypeEffectivenessTests-Info.plist";
				PRODUCT_NAME = "$(TARGET_NAME)";
				TEST_HOST = "$(BUNDLE_LOADER)";
				USER_HEADER_SEARCH_PATHS = "\"${PROJECT_DIR}/Pods\"/**";
				VALID_ARCHS = "armv7 armv7s";
				WRAPPER_EXTENSION = xctest;
			};
			name = Debug;
		};
		020C513218131D20005CA791 /* Release */ = {
			isa = XCBuildConfiguration;
			buildSettings = {
				ARCHS = "$(ARCHS_STANDARD)";
				BUNDLE_LOADER = "$(BUILT_PRODUCTS_DIR)/Poke Types.app/Poke Types";
				FRAMEWORK_SEARCH_PATHS = (
					"$(SDKROOT)/Developer/Library/Frameworks",
					"$(inherited)",
					"$(DEVELOPER_FRAMEWORKS_DIR)",
				);
				GCC_PRECOMPILE_PREFIX_HEADER = YES;
				GCC_PREFIX_HEADER = "PokemonTypeEffectiveness/PokemonTypeEffectiveness-Prefix.pch";
				HEADER_SEARCH_PATHS = "$(inherited)/**";
				INFOPLIST_FILE = "PokemonTypeEffectivenessTests/PokemonTypeEffectivenessTests-Info.plist";
				PRODUCT_NAME = "$(TARGET_NAME)";
				TEST_HOST = "$(BUNDLE_LOADER)";
				USER_HEADER_SEARCH_PATHS = "\"${PROJECT_DIR}/Pods\"/**";
				VALID_ARCHS = "armv7 armv7s";
				WRAPPER_EXTENSION = xctest;
			};
			name = Release;
		};
/* End XCBuildConfiguration section */

/* Begin XCConfigurationList section */
		020C50FC18131D20005CA791 /* Build configuration list for PBXProject "PokemonTypeEffectiveness" */ = {
			isa = XCConfigurationList;
			buildConfigurations = (
				020C512B18131D20005CA791 /* Debug */,
				020C512C18131D20005CA791 /* Release */,
			);
			defaultConfigurationIsVisible = 0;
			defaultConfigurationName = Release;
		};
		020C512D18131D20005CA791 /* Build configuration list for PBXNativeTarget "PokemonTypeEffectiveness" */ = {
			isa = XCConfigurationList;
			buildConfigurations = (
				020C512E18131D20005CA791 /* Debug */,
				020C512F18131D20005CA791 /* Release */,
			);
			defaultConfigurationIsVisible = 0;
			defaultConfigurationName = Release;
		};
		020C513018131D20005CA791 /* Build configuration list for PBXNativeTarget "PokemonTypeEffectivenessTests" */ = {
			isa = XCConfigurationList;
			buildConfigurations = (
				020C513118131D20005CA791 /* Debug */,
				020C513218131D20005CA791 /* Release */,
			);
			defaultConfigurationIsVisible = 0;
			defaultConfigurationName = Release;
		};
/* End XCConfigurationList section */
	};
	rootObject = 020C50F918131D20005CA791 /* Project object */;
}
